PODS:
  - AWSCognito (2.8.1):
    - AWSCore (= 2.8.1)
  - AWSCore (2.8.1)
  - AWSS3 (2.8.1):
    - AWSCore (= 2.8.1)
  - Bolts (1.9.0):
    - Bolts/AppLinks (= 1.9.0)
    - Bolts/Tasks (= 1.9.0)
  - Bolts/AppLinks (1.9.0):
    - Bolts/Tasks
  - Bolts/Tasks (1.9.0)
  - Branch (0.25.10):
    - Branch/Core (= 0.25.10)
  - Branch/Core (0.25.10)
  - ColorSlider (4.3)
  - COSTouchVisualizer (1.0.6)
  - Crashlytics (3.12.0):
    - Fabric (~> 1.9.0)
  - EarlGrey (1.15.0)
  - Fabric (1.9.0)
  - FacebookCore (0.5.0):
    - Bolts (~> 1.9)
    - FBSDKCoreKit (~> 4.37)
  - FacebookLogin (0.5.0):
    - Bolts (~> 1.9)
    - FacebookCore (~> 0.5)
    - FBSDKCoreKit (~> 4.37)
    - FBSDKLoginKit (~> 4.37)
  - FacebookShare (0.5.0):
    - Bolts (~> 1.9)
    - FacebookCore (~> 0.5)
    - FBSDKCoreKit (~> 4.37)
    - FBSDKShareKit (~> 4.37)
  - FBSDKCoreKit (4.39.0):
    - Bolts (~> 1.9)
  - FBSDKLoginKit (4.39.0):
    - FBSDKCoreKit
  - FBSDKShareKit (4.39.0):
    - FBSDKCoreKit
  - Firebase/Core (5.14.0):
    - Firebase/CoreOnly
    - FirebaseAnalytics (= 5.4.0)
  - Firebase/CoreOnly (5.14.0):
    - FirebaseCore (= 5.1.9)
  - FirebaseAnalytics (5.4.0):
    - FirebaseCore (~> 5.1)
    - FirebaseInstanceID (~> 3.3)
    - GoogleAppMeasurement (= 5.4.0)
    - GoogleUtilities/AppDelegateSwizzler (~> 5.2)
    - GoogleUtilities/MethodSwizzler (~> 5.2)
    - GoogleUtilities/Network (~> 5.2)
    - "GoogleUtilities/NSData+zlib (~> 5.2)"
    - nanopb (~> 0.3)
  - FirebaseCore (5.1.9):
    - GoogleUtilities/Logger (~> 5.2)
  - FirebaseInstanceID (3.3.0):
    - FirebaseCore (~> 5.1)
    - GoogleUtilities/Environment (~> 5.3)
    - GoogleUtilities/UserDefaults (~> 5.3)
  - GoogleAppMeasurement (5.4.0):
    - GoogleUtilities/AppDelegateSwizzler (~> 5.2)
    - GoogleUtilities/MethodSwizzler (~> 5.2)
    - GoogleUtilities/Network (~> 5.2)
    - "GoogleUtilities/NSData+zlib (~> 5.2)"
    - nanopb (~> 0.3)
  - GoogleUtilities/AppDelegateSwizzler (5.3.6):
    - GoogleUtilities/Environment
    - GoogleUtilities/Logger
    - GoogleUtilities/Network
  - GoogleUtilities/Environment (5.3.6)
  - GoogleUtilities/Logger (5.3.6):
    - GoogleUtilities/Environment
  - GoogleUtilities/MethodSwizzler (5.3.6):
    - GoogleUtilities/Logger
  - GoogleUtilities/Network (5.3.6):
    - GoogleUtilities/Logger
    - "GoogleUtilities/NSData+zlib"
    - GoogleUtilities/Reachability
  - "GoogleUtilities/NSData+zlib (5.3.6)"
  - GoogleUtilities/Reachability (5.3.6):
    - GoogleUtilities/Logger
  - GoogleUtilities/UserDefaults (5.3.6):
    - GoogleUtilities/Logger
  - HTTPStatusCodes (3.1.2)
  - Jot (0.2.0):
    - Masonry (~> 1.0.2)
  - Masonry (1.0.2)
  - nanopb (0.3.901):
    - nanopb/decode (= 0.3.901)
    - nanopb/encode (= 0.3.901)
  - nanopb/decode (0.3.901)
  - nanopb/encode (0.3.901)
  - Parse (1.17.2):
    - Parse/Core (= 1.17.2)
  - Parse/Core (1.17.2):
    - Bolts/Tasks (~> 1.9)
  - Parse/FacebookUtils (1.17.2):
    - Bolts (~> 1.9)
    - FBSDKLoginKit (~> 4.33)
    - Parse/Core
  - PINCache (3.0.1-beta.6):
    - PINCache/Arc-exception-safe (= 3.0.1-beta.6)
    - PINCache/Core (= 3.0.1-beta.6)
  - PINCache/Arc-exception-safe (3.0.1-beta.6):
    - PINCache/Core
  - PINCache/Core (3.0.1-beta.6):
    - PINOperation (~> 1.1.0)
  - PINOperation (1.1.1)
  - PINRemoteImage/Core (3.0.0-beta.13):
    - PINOperation
  - PINRemoteImage/iOS (3.0.0-beta.13):
    - PINRemoteImage/Core
  - PINRemoteImage/PINCache (3.0.0-beta.13):
    - PINCache (= 3.0.1-beta.6)
    - PINRemoteImage/Core
  - PryntTrimmerView (2.0.0)
  - QuadratTouch (1.1.3)
  - RATreeView (2.1.2)
  - SVProgressHUD (2.2.5)
  - SwiftRangeSlider (2.0.0)
  - SwiftyCam (3.0.0)
  - Texture (2.7):
    - Texture/PINRemoteImage (= 2.7)
  - Texture/Core (2.7)
  - Texture/PINRemoteImage (2.7):
    - PINRemoteImage/iOS (= 3.0.0-beta.13)
    - PINRemoteImage/PINCache
    - Texture/Core
  - TLPhotoPicker (1.5.9)

DEPENDENCIES:
  - AWSCognito
  - AWSS3
  - Branch
  - ColorSlider (~> 4.0)
  - COSTouchVisualizer
  - Crashlytics (~> 3.10)
  - EarlGrey
  - Fabric
  - FacebookCore
  - FacebookLogin
  - FacebookShare
  - FBSDKCoreKit (from `https://github.com/facebook/facebook-objc-sdk.git`, branch `master`)
  - Firebase/Core
  - HTTPStatusCodes (~> 3.1.2)
  - Jot (from `https://github.com/biscottigelato/Jot.git`)
  - Parse
  - Parse/FacebookUtils
  - PryntTrimmerView (from `https://github.com/specc/PryntTrimmerView.git`)
  - QuadratTouch (from `https://github.com/Constantine-Fry/das-quadrat.git`, branch `develop`)
  - RATreeView
  - SVProgressHUD (from `https://github.com/Tastory/SVProgressHUD.git`)
  - SwiftRangeSlider
  - SwiftyCam
  - Texture
  - TLPhotoPicker (from `https://github.com/specc/TLPhotoPicker.git`)

SPEC REPOS:
  https://github.com/cocoapods/specs.git:
    - AWSCognito
    - AWSCore
    - AWSS3
    - Bolts
    - Branch
    - ColorSlider
    - COSTouchVisualizer
    - Crashlytics
    - EarlGrey
    - Fabric
    - FacebookCore
    - FacebookLogin
    - FacebookShare
    - FBSDKLoginKit
    - FBSDKShareKit
    - Firebase
    - FirebaseAnalytics
    - FirebaseCore
    - FirebaseInstanceID
    - GoogleAppMeasurement
    - GoogleUtilities
    - HTTPStatusCodes
    - Masonry
    - nanopb
    - Parse
    - PINCache
    - PINOperation
    - PINRemoteImage
    - RATreeView
    - SwiftRangeSlider
    - SwiftyCam
    - Texture

EXTERNAL SOURCES:
  FBSDKCoreKit:
    :branch: master
    :git: https://github.com/facebook/facebook-objc-sdk.git
  Jot:
    :git: https://github.com/biscottigelato/Jot.git
  PryntTrimmerView:
    :git: https://github.com/specc/PryntTrimmerView.git
  QuadratTouch:
    :branch: develop
    :git: https://github.com/Constantine-Fry/das-quadrat.git
  SVProgressHUD:
    :git: https://github.com/Tastory/SVProgressHUD.git
  TLPhotoPicker:
    :git: https://github.com/specc/TLPhotoPicker.git

CHECKOUT OPTIONS:
  FBSDKCoreKit:
    :commit: aaa76238dc15c4c297ee9fad1fdce1bcb2fcff7b
    :git: https://github.com/facebook/facebook-objc-sdk.git
  Jot:
    :commit: 402d0a0c202d752a26c8fa9c3c86372b2c8f51f5
    :git: https://github.com/biscottigelato/Jot.git
  PryntTrimmerView:
    :commit: ae2c2f531c545e260aa93415f46a1a5c4b812994
    :git: https://github.com/specc/PryntTrimmerView.git
  QuadratTouch:
    :commit: 0c5022404439e799fe0503aa9172a4bc8483fa2b
    :git: https://github.com/Constantine-Fry/das-quadrat.git
  SVProgressHUD:
    :commit: d714813e2f9e4b49894a50e6fc6b789c6cab03b5
    :git: https://github.com/Tastory/SVProgressHUD.git
  TLPhotoPicker:
    :commit: 196379701668d37cfd9890e56aaf6f2aa4406b43
    :git: https://github.com/specc/TLPhotoPicker.git

SPEC CHECKSUMS:
  AWSCognito: 44c70d8900bdc845eefe040134b25666ef9e0056
  AWSCore: f17db38a5f8bceb217a19d58d8755bbb6f5ddb3c
  AWSS3: 7b92a900fa54ce386e562d81c9d51724e70178a0
  Bolts: ac6567323eac61e203f6a9763667d0f711be34c8
  Branch: 3365f2e17921c503ff8a626cd053a056dbb87c62
  ColorSlider: 83fb6f174a13d7235ef100d8d5fee1f71adf2182
  COSTouchVisualizer: a398089327a6c02897823614d7447ccc97198997
  Crashlytics: 07fb167b1694128c1c9a5a5cc319b0e9c3ca0933
  EarlGrey: 289a16cc7d08a54b962d72881b21e36d5103b549
  Fabric: f988e33c97f08930a413e08123064d2e5f68d655
  FacebookCore: 74288d0add931d361b1596beae787ab72c438249
  FacebookLogin: ebcf34714a1cb9f0759d9f071cfb01ed500996cf
  FacebookShare: 963b4bb1124a64a395b1e428163d70b5774116e8
  FBSDKCoreKit: 1e3981faefab8c88edfaa9eecd94aab02d99a9bc
  FBSDKLoginKit: 30ba5039a2c53d65a75103889bc2deebdacd5a1f
  FBSDKShareKit: 5a0021c30abb64df9eeba87351dd8a627874543b
  Firebase: 963d5685fae888a56d6d4d9cfce6b9c976958798
  FirebaseAnalytics: c06f9d70577d79074214700a71fd5d39de5550fb
  FirebaseCore: 8f49b70f57ab5cbb032ef41d64992ded21606459
  FirebaseInstanceID: e2fa4cb35ef5558c200f7f0ad8a53e212215f93e
  GoogleAppMeasurement: 98b71f5e04142793729a5ef23e5b96651ff4b70f
  GoogleUtilities: 95996bea7c7d9b8fb811b7507669a4a8762f80c7
  HTTPStatusCodes: 88155ba36826366a898a7b4f34d311f49083d546
  Jot: 5716f80d0920b92888fa9a8003e68e83eea8c187
  Masonry: 7c429b56da9d4ee0bbb3ed77a5ea710d6a5df39e
  nanopb: 2901f78ea1b7b4015c860c2fdd1ea2fee1a18d48
  Parse: 3b31a3dd1777b07ee7f0caee32fafbff544483a5
  PINCache: d195fdba255283f7e9900a55e3cced377f431f9b
  PINOperation: a6219e6fc9db9c269eb7a7b871ac193bcf400aac
  PINRemoteImage: d6d51c5d2adda55f1ce30c96e850b6c4ebd2856a
  PryntTrimmerView: 5ad39b9cb5793adcebdad4a1a241260a2c281a38
  QuadratTouch: 9e311cbd4f0573b58cafe6783df1fa7ce2458afa
  RATreeView: 380cde0090cfde21dc6ac29137f49d3b768fdd28
  SVProgressHUD: 1428aafac632c1f86f62aa4243ec12008d7a51d6
  SwiftRangeSlider: f86e3b637c961120158fa1a89277c8343845cbe4
  SwiftyCam: 67338308e3a5a3545c2aeee17e2c964eba4cf49f
  Texture: 9d7e38965cf22ccd7cd9c249dd78b3f14e70ab6c
  TLPhotoPicker: ec5cd5b3380ed1b6bd176d34a429024ceb80ef01

PODFILE CHECKSUM: 2581d02394492225b89aa1023ed70b4ff04b06a4

COCOAPODS: 1.5.2
