// !$*UTF8*$!
{
	archiveVersion = 1;
	classes = {
	};
	objectVersion = 48;
	objects = {

/* Begin PBXBuildFile section */
		29421A9ED1630C24163C5213 /* Pods_TastryApp.framework in Frameworks */ = {isa = PBXBuildFile; fileRef = 9837F6E6016D51C9060037BC /* Pods_TastryApp.framework */; };
		8C030E4A1F88A42400B93EAC /* StoryCompositionViewController.swift in Sources */ = {isa = PBXBuildFile; fileRef = 8C030E491F88A42400B93EAC /* StoryCompositionViewController.swift */; };
		8C0590471EC653DF00027E91 /* DiscoverFeedViewController.swift in Sources */ = {isa = PBXBuildFile; fileRef = 8C0590461EC653DF00027E91 /* DiscoverFeedViewController.swift */; };
		8C0590491EC65B0000027E91 /* RootViewController.swift in Sources */ = {isa = PBXBuildFile; fileRef = 8C0590481EC65B0000027E91 /* RootViewController.swift */; };
		8C05904B1EC6671400027E91 /* UIStoryboard+Extension.swift in Sources */ = {isa = PBXBuildFile; fileRef = 8C05904A1EC6671400027E91 /* UIStoryboard+Extension.swift */; };
		8C0590511EC7E6A400027E91 /* FoodieMedia.swift in Sources */ = {isa = PBXBuildFile; fileRef = 8C0590501EC7E6A400027E91 /* FoodieMedia.swift */; };
		8C1089311EADC11B00457E66 /* MomentHeaderReusableView.swift in Sources */ = {isa = PBXBuildFile; fileRef = 8C1089301EADC11B00457E66 /* MomentHeaderReusableView.swift */; };
		8C1089331EADC13700457E66 /* MomentFooterReusableView.swift in Sources */ = {isa = PBXBuildFile; fileRef = 8C1089321EADC13700457E66 /* MomentFooterReusableView.swift */; };
		8C10893A1EB321F100457E66 /* MomentCollectionViewController.swift in Sources */ = {isa = PBXBuildFile; fileRef = 8C1089391EB321F100457E66 /* MomentCollectionViewController.swift */; };
		8C10FB4E1F91C43200C26BF6 /* AVExportPlayer.swift in Sources */ = {isa = PBXBuildFile; fileRef = 8C10FB4D1F91C43100C26BF6 /* AVExportPlayer.swift */; };
		8C14E2891F7F188E001CC869 /* FoodiePermission.swift in Sources */ = {isa = PBXBuildFile; fileRef = 8C14E2881F7F188E001CC869 /* FoodiePermission.swift */; };
		8C14E28B1F7F42FD001CC869 /* EmailResetViewController.swift in Sources */ = {isa = PBXBuildFile; fileRef = 8C14E28A1F7F42FD001CC869 /* EmailResetViewController.swift */; };
		8C1A0D7D1E88EA34001DE075 /* CameraViewController.swift in Sources */ = {isa = PBXBuildFile; fileRef = 8C1A0D7C1E88EA34001DE075 /* CameraViewController.swift */; };
		8C1A0D7F1E88F711001DE075 /* CameraButton.swift in Sources */ = {isa = PBXBuildFile; fileRef = 8C1A0D7E1E88F711001DE075 /* CameraButton.swift */; };
		8C1C71F41ECD7A4B00D2E4F8 /* FoodieFileManager.swift in Sources */ = {isa = PBXBuildFile; fileRef = 8C1C71F31ECD7A4B00D2E4F8 /* FoodieFileManager.swift */; };
		8C1C71F61ED1602F00D2E4F8 /* FoodieGlobal.swift in Sources */ = {isa = PBXBuildFile; fileRef = 8C1C71F51ED1602F00D2E4F8 /* FoodieGlobal.swift */; };
		8C1D4E221EDCEC9A00939B2C /* FeedCollectionViewController.swift in Sources */ = {isa = PBXBuildFile; fileRef = 8C1D4E211EDCEC9A00939B2C /* FeedCollectionViewController.swift */; };
		8C1D4E241EDCECCD00939B2C /* FeedCollectionViewCell.swift in Sources */ = {isa = PBXBuildFile; fileRef = 8C1D4E231EDCECCD00939B2C /* FeedCollectionViewCell.swift */; };
		8C1ED6EF1F5D15A300A8CC94 /* CameraButtonLayer.swift in Sources */ = {isa = PBXBuildFile; fileRef = 8C1ED6EA1F5D15A300A8CC94 /* CameraButtonLayer.swift */; };
		8C1ED6F01F5D15A300A8CC94 /* CameraButtonRingLayer.swift in Sources */ = {isa = PBXBuildFile; fileRef = 8C1ED6EB1F5D15A300A8CC94 /* CameraButtonRingLayer.swift */; };
		8C1ED6F21F5D15A300A8CC94 /* ThumbnailFrameLayer.swift in Sources */ = {isa = PBXBuildFile; fileRef = 8C1ED6ED1F5D15A300A8CC94 /* ThumbnailFrameLayer.swift */; };
		8C1ED6F41F5DEC2500A8CC94 /* AsyncOperation.swift in Sources */ = {isa = PBXBuildFile; fileRef = 8C1ED6F31F5DEC2500A8CC94 /* AsyncOperation.swift */; };
		8C1ED7001F5E2BF700A8CC94 /* CleanroomLogger.framework in Frameworks */ = {isa = PBXBuildFile; fileRef = 8C1ED6FF1F5E2BF700A8CC94 /* CleanroomLogger.framework */; };
		8C1FF12B1F7CA5380062312C /* LogInSignUp.storyboard in Resources */ = {isa = PBXBuildFile; fileRef = 8C1FF12A1F7CA5380062312C /* LogInSignUp.storyboard */; };
		8C1FF1311F7CA6C10062312C /* LogInViewController.swift in Sources */ = {isa = PBXBuildFile; fileRef = 8C1FF1301F7CA6C10062312C /* LogInViewController.swift */; };
		8C1FF1331F7CA7240062312C /* SignUpViewController.swift in Sources */ = {isa = PBXBuildFile; fileRef = 8C1FF1321F7CA7240062312C /* SignUpViewController.swift */; };
		8C1FF1351F7DA1760062312C /* FoodieRole.swift in Sources */ = {isa = PBXBuildFile; fileRef = 8C1FF1341F7DA1760062312C /* FoodieRole.swift */; };
		8C2F796F1F4C0D9A00851334 /* SwiftRetry.swift in Sources */ = {isa = PBXBuildFile; fileRef = 8C2F796E1F4C0D9A00851334 /* SwiftRetry.swift */; };
		8C2F79731F4E23F700851334 /* LocationWatch.swift in Sources */ = {isa = PBXBuildFile; fileRef = 8C2F79721F4E23F700851334 /* LocationWatch.swift */; };
		8C2F79771F4E3E6E00851334 /* ThreadSafeDLL.swift in Sources */ = {isa = PBXBuildFile; fileRef = 8C2F79761F4E3E6E00851334 /* ThreadSafeDLL.swift */; };
		8C312AC01E8262270084DD98 /* MKCoordinateSpan+Extension.swift in Sources */ = {isa = PBXBuildFile; fileRef = 8C312ABF1E8262270084DD98 /* MKCoordinateSpan+Extension.swift */; };
		8C3254A51F40240900895572 /* VenueTableViewController.swift in Sources */ = {isa = PBXBuildFile; fileRef = 8C3254A41F40240900895572 /* VenueTableViewController.swift */; };
		8C45B6101ECACF1E0067CDC0 /* FoodiePFObject.swift in Sources */ = {isa = PBXBuildFile; fileRef = 8C45B60F1ECACF1E0067CDC0 /* FoodiePFObject.swift */; };
		8C4AF66E1F91B1B900AADA5C /* ActivitySpinner.swift in Sources */ = {isa = PBXBuildFile; fileRef = 8C4AF66D1F91B1B900AADA5C /* ActivitySpinner.swift */; };
		8C5B48511F579D3800C18089 /* SwiftMutex.swift in Sources */ = {isa = PBXBuildFile; fileRef = 8C5B48501F579D3800C18089 /* SwiftMutex.swift */; };
		8C5C4DDE1EFEEDEC008C83EC /* FoodiePrefetch.swift in Sources */ = {isa = PBXBuildFile; fileRef = 8C5C4DDD1EFEEDEC008C83EC /* FoodiePrefetch.swift */; };
		8C61BCDC1E985D1300DDF248 /* CleanCrashLog.swift in Sources */ = {isa = PBXBuildFile; fileRef = 8C61BCDB1E985D1300DDF248 /* CleanCrashLog.swift */; };
		8C7CE2881F36B92A00DEFCBE /* FoodieQuery.swift in Sources */ = {isa = PBXBuildFile; fileRef = 8C7CE2871F36B92A00DEFCBE /* FoodieQuery.swift */; };
		8C7EC58F1F8E0D2400C8E80B /* MKCoordinateRegion+Extension.swift in Sources */ = {isa = PBXBuildFile; fileRef = 8C7EC58E1F8E0D2400C8E80B /* MKCoordinateRegion+Extension.swift */; };
		8C841B491F6242C00002A5A2 /* CategoryTableViewCell.xib in Resources */ = {isa = PBXBuildFile; fileRef = 8C841B481F6242C00002A5A2 /* CategoryTableViewCell.xib */; };
		8C841B4B1F6244700002A5A2 /* CategoryTableViewCell.swift in Sources */ = {isa = PBXBuildFile; fileRef = 8C841B4A1F6244700002A5A2 /* CategoryTableViewCell.swift */; };
		8C8986701E91981C00B62306 /* FoodieMarkup.swift in Sources */ = {isa = PBXBuildFile; fileRef = 8C89866F1E91981C00B62306 /* FoodieMarkup.swift */; };
		8C8986721E91982E00B62306 /* FoodieStory.swift in Sources */ = {isa = PBXBuildFile; fileRef = 8C8986711E91982E00B62306 /* FoodieStory.swift */; };
		8C8986741E91985700B62306 /* FoodieVenue.swift in Sources */ = {isa = PBXBuildFile; fileRef = 8C8986731E91985700B62306 /* FoodieVenue.swift */; };
		8C8986761E91A72D00B62306 /* FoodieCategory.swift in Sources */ = {isa = PBXBuildFile; fileRef = 8C8986751E91A72D00B62306 /* FoodieCategory.swift */; };
		8C89867A1E933E2E00B62306 /* FoodieUser.swift in Sources */ = {isa = PBXBuildFile; fileRef = 8C8986791E933E2E00B62306 /* FoodieUser.swift */; };
		8C89867E1E958B4300B62306 /* FoodieObject.swift in Sources */ = {isa = PBXBuildFile; fileRef = 8C89867D1E958B4300B62306 /* FoodieObject.swift */; };
		8C900D311F5FAAC30058BDFE /* PassthruStackView.swift in Sources */ = {isa = PBXBuildFile; fileRef = 8C900D301F5FAAC30058BDFE /* PassthruStackView.swift */; };
		8C900D331F60C0E50058BDFE /* CategoryTableViewController.swift in Sources */ = {isa = PBXBuildFile; fileRef = 8C900D321F60C0E50058BDFE /* CategoryTableViewController.swift */; };
		8C9AD05C1E8F6109005F337E /* FoodieMoment.swift in Sources */ = {isa = PBXBuildFile; fileRef = 8C9AD05B1E8F6109005F337E /* FoodieMoment.swift */; };
		8C9AD0651E8F615D005F337E /* ExitButton.swift in Sources */ = {isa = PBXBuildFile; fileRef = 8C9AD0601E8F615D005F337E /* ExitButton.swift */; };
		8C9AD0661E8F615D005F337E /* MarkupViewController.swift in Sources */ = {isa = PBXBuildFile; fileRef = 8C9AD0611E8F615D005F337E /* MarkupViewController.swift */; };
		8CA693741E9D8C4500647D6C /* UIAlertAction+Extension.swift in Sources */ = {isa = PBXBuildFile; fileRef = 8CA693731E9D8C4500647D6C /* UIAlertAction+Extension.swift */; };
		8CAA445F1F8C102C0053CD4F /* ProfileViewController.swift in Sources */ = {isa = PBXBuildFile; fileRef = 8CAA445E1F8C102C0053CD4F /* ProfileViewController.swift */; };
		8CAA44611F8C12D60053CD4F /* LogOutDismiss.swift in Sources */ = {isa = PBXBuildFile; fileRef = 8CAA44601F8C12D60053CD4F /* LogOutDismiss.swift */; };
		8CBF55841E7F7EDF00F4B1CD /* AppDelegate.swift in Sources */ = {isa = PBXBuildFile; fileRef = 8CBF55831E7F7EDF00F4B1CD /* AppDelegate.swift */; };
		8CBF55891E7F7EDF00F4B1CD /* Main.storyboard in Resources */ = {isa = PBXBuildFile; fileRef = 8CBF55871E7F7EDF00F4B1CD /* Main.storyboard */; };
		8CBF558B1E7F7EDF00F4B1CD /* Assets.xcassets in Resources */ = {isa = PBXBuildFile; fileRef = 8CBF558A1E7F7EDF00F4B1CD /* Assets.xcassets */; };
		8CBF558E1E7F7EDF00F4B1CD /* LaunchScreen.storyboard in Resources */ = {isa = PBXBuildFile; fileRef = 8CBF558C1E7F7EDF00F4B1CD /* LaunchScreen.storyboard */; };
		8CBF55991E7F7EDF00F4B1CD /* EatellyAppTests.swift in Sources */ = {isa = PBXBuildFile; fileRef = 8CBF55981E7F7EDF00F4B1CD /* EatellyAppTests.swift */; };
		8CBF55A41E7F7EDF00F4B1CD /* EatellyAppUITests.swift in Sources */ = {isa = PBXBuildFile; fileRef = 8CBF55A31E7F7EDF00F4B1CD /* EatellyAppUITests.swift */; };
		8CBF55B21E80C72300F4B1CD /* MapViewController.swift in Sources */ = {isa = PBXBuildFile; fileRef = 8CBF55B11E80C72200F4B1CD /* MapViewController.swift */; };
		8CC48D601EFC81CD003A0FC9 /* PrecisionTime.swift in Sources */ = {isa = PBXBuildFile; fileRef = 8CC48D5F1EFC81CD003A0FC9 /* PrecisionTime.swift */; };
		8CE0DE1D1F89B12800F258E5 /* TransitionAnimator.swift in Sources */ = {isa = PBXBuildFile; fileRef = 8CE0DE1A1F89B12700F258E5 /* TransitionAnimator.swift */; };
		8CE0DE1E1F89B12800F258E5 /* PercentInteractor.swift in Sources */ = {isa = PBXBuildFile; fileRef = 8CE0DE1B1F89B12700F258E5 /* PercentInteractor.swift */; };
		8CE0DE1F1F89B12800F258E5 /* TransitableViewController.swift in Sources */ = {isa = PBXBuildFile; fileRef = 8CE0DE1C1F89B12800F258E5 /* TransitableViewController.swift */; };
		8CE259AD1F53808C00310749 /* AlertDialog.swift in Sources */ = {isa = PBXBuildFile; fileRef = 8CE259AC1F53808C00310749 /* AlertDialog.swift */; };
		8CE49EB11F637918007278C1 /* ExpandButton.swift in Sources */ = {isa = PBXBuildFile; fileRef = 8CE49EB01F637918007278C1 /* ExpandButton.swift */; };
		8CE49EB31F638162007278C1 /* ArrowLayer.swift in Sources */ = {isa = PBXBuildFile; fileRef = 8CE49EB21F638162007278C1 /* ArrowLayer.swift */; };
		8CE49EB51F64C8E8007278C1 /* PickerSquareLayer.swift in Sources */ = {isa = PBXBuildFile; fileRef = 8CE49EB41F64C8E8007278C1 /* PickerSquareLayer.swift */; };
		8CE49EB71F64CA06007278C1 /* ImagePickerButton.swift in Sources */ = {isa = PBXBuildFile; fileRef = 8CE49EB61F64CA06007278C1 /* ImagePickerButton.swift */; };
		8CE49EBA1F64D36B007278C1 /* StoryMapAnnotation.swift in Sources */ = {isa = PBXBuildFile; fileRef = 8CE49EB91F64D36A007278C1 /* StoryMapAnnotation.swift */; };
		8CE6B8871EA9864800D454A9 /* StoryEntryViewController.swift in Sources */ = {isa = PBXBuildFile; fileRef = 8CE6B8861EA9864800D454A9 /* StoryEntryViewController.swift */; };
		8CE6B88B1EAC2DB400D454A9 /* MomentCollectionViewCell.swift in Sources */ = {isa = PBXBuildFile; fileRef = 8CE6B88A1EAC2DB400D454A9 /* MomentCollectionViewCell.swift */; };
		8CF44DA61F86F422007E905A /* CameraCrossLayer.swift in Sources */ = {isa = PBXBuildFile; fileRef = 8CF44DA51F86F422007E905A /* CameraCrossLayer.swift */; };
		8CF858661F7ED8A000C46614 /* IntroViewController.swift in Sources */ = {isa = PBXBuildFile; fileRef = 8CF858651F7ED8A000C46614 /* IntroViewController.swift */; };
		8CFC4A1E1E99DED700A8C9CE /* UIAlertController+Extension.swift in Sources */ = {isa = PBXBuildFile; fileRef = 8CFC4A1D1E99DED700A8C9CE /* UIAlertController+Extension.swift */; };
		C24F69651EB85B0300A0DB7B /* StoryViewController.swift in Sources */ = {isa = PBXBuildFile; fileRef = C24F69641EB85B0300A0DB7B /* StoryViewController.swift */; };
		C29CD1391F93198800A6D53F /* StorySelector.swift in Sources */ = {isa = PBXBuildFile; fileRef = C29CD1381F93198800A6D53F /* StorySelector.swift */; };
		C29CD13D1F988B2000A6D53F /* PHAsset+Extension.swift in Sources */ = {isa = PBXBuildFile; fileRef = C29CD13C1F988B2000A6D53F /* PHAsset+Extension.swift */; };
		D3272D7D673F648DD9415F7E /* Pods_TastryAppTests.framework in Frameworks */ = {isa = PBXBuildFile; fileRef = 4B3DBF493BCE72101729EF1C /* Pods_TastryAppTests.framework */; };
		F351A78B7F036463BBC4B536 /* Pods_TastryAppUITests.framework in Frameworks */ = {isa = PBXBuildFile; fileRef = F9EF05BC204B0292B02F87C3 /* Pods_TastryAppUITests.framework */; };
/* End PBXBuildFile section */

/* Begin PBXContainerItemProxy section */
		8CBF55951E7F7EDF00F4B1CD /* PBXContainerItemProxy */ = {
			isa = PBXContainerItemProxy;
			containerPortal = 8CBF55781E7F7EDF00F4B1CD /* Project object */;
			proxyType = 1;
			remoteGlobalIDString = 8CBF557F1E7F7EDF00F4B1CD;
			remoteInfo = SomeFoodieApp;
		};
		8CBF55A01E7F7EDF00F4B1CD /* PBXContainerItemProxy */ = {
			isa = PBXContainerItemProxy;
			containerPortal = 8CBF55781E7F7EDF00F4B1CD /* Project object */;
			proxyType = 1;
			remoteGlobalIDString = 8CBF557F1E7F7EDF00F4B1CD;
			remoteInfo = SomeFoodieApp;
		};
/* End PBXContainerItemProxy section */

/* Begin PBXFileReference section */
		01C50CABFBBAE3B407A92205 /* Pods-TastryAppUITests.release.xcconfig */ = {isa = PBXFileReference; includeInIndex = 1; lastKnownFileType = text.xcconfig; name = "Pods-TastryAppUITests.release.xcconfig"; path = "Pods/Target Support Files/Pods-TastryAppUITests/Pods-TastryAppUITests.release.xcconfig"; sourceTree = "<group>"; };
		0B88724D551A16DEFECF8D13 /* Pods-TastryApp.release.xcconfig */ = {isa = PBXFileReference; includeInIndex = 1; lastKnownFileType = text.xcconfig; name = "Pods-TastryApp.release.xcconfig"; path = "Pods/Target Support Files/Pods-TastryApp/Pods-TastryApp.release.xcconfig"; sourceTree = "<group>"; };
		17F360FAB38094392D222249 /* Pods-TastryAppTests.debug.xcconfig */ = {isa = PBXFileReference; includeInIndex = 1; lastKnownFileType = text.xcconfig; name = "Pods-TastryAppTests.debug.xcconfig"; path = "Pods/Target Support Files/Pods-TastryAppTests/Pods-TastryAppTests.debug.xcconfig"; sourceTree = "<group>"; };
		4B3DBF493BCE72101729EF1C /* Pods_TastryAppTests.framework */ = {isa = PBXFileReference; explicitFileType = wrapper.framework; includeInIndex = 0; path = Pods_TastryAppTests.framework; sourceTree = BUILT_PRODUCTS_DIR; };
		8C030E491F88A42400B93EAC /* StoryCompositionViewController.swift */ = {isa = PBXFileReference; lastKnownFileType = sourcecode.swift; path = StoryCompositionViewController.swift; sourceTree = "<group>"; };
		8C0590461EC653DF00027E91 /* DiscoverFeedViewController.swift */ = {isa = PBXFileReference; fileEncoding = 4; lastKnownFileType = sourcecode.swift; path = DiscoverFeedViewController.swift; sourceTree = "<group>"; };
		8C0590481EC65B0000027E91 /* RootViewController.swift */ = {isa = PBXFileReference; fileEncoding = 4; lastKnownFileType = sourcecode.swift; path = RootViewController.swift; sourceTree = "<group>"; };
		8C05904A1EC6671400027E91 /* UIStoryboard+Extension.swift */ = {isa = PBXFileReference; fileEncoding = 4; lastKnownFileType = sourcecode.swift; path = "UIStoryboard+Extension.swift"; sourceTree = "<group>"; };
		8C0590501EC7E6A400027E91 /* FoodieMedia.swift */ = {isa = PBXFileReference; fileEncoding = 4; lastKnownFileType = sourcecode.swift; path = FoodieMedia.swift; sourceTree = "<group>"; };
		8C1089301EADC11B00457E66 /* MomentHeaderReusableView.swift */ = {isa = PBXFileReference; fileEncoding = 4; lastKnownFileType = sourcecode.swift; path = MomentHeaderReusableView.swift; sourceTree = "<group>"; };
		8C1089321EADC13700457E66 /* MomentFooterReusableView.swift */ = {isa = PBXFileReference; fileEncoding = 4; lastKnownFileType = sourcecode.swift; path = MomentFooterReusableView.swift; sourceTree = "<group>"; };
		8C1089391EB321F100457E66 /* MomentCollectionViewController.swift */ = {isa = PBXFileReference; fileEncoding = 4; lastKnownFileType = sourcecode.swift; path = MomentCollectionViewController.swift; sourceTree = "<group>"; };
		8C10FB4D1F91C43100C26BF6 /* AVExportPlayer.swift */ = {isa = PBXFileReference; lastKnownFileType = sourcecode.swift; path = AVExportPlayer.swift; sourceTree = "<group>"; };
		8C14E2881F7F188E001CC869 /* FoodiePermission.swift */ = {isa = PBXFileReference; fileEncoding = 4; lastKnownFileType = sourcecode.swift; path = FoodiePermission.swift; sourceTree = "<group>"; };
		8C14E28A1F7F42FD001CC869 /* EmailResetViewController.swift */ = {isa = PBXFileReference; fileEncoding = 4; lastKnownFileType = sourcecode.swift; path = EmailResetViewController.swift; sourceTree = "<group>"; };
		8C1A0D7C1E88EA34001DE075 /* CameraViewController.swift */ = {isa = PBXFileReference; fileEncoding = 4; lastKnownFileType = sourcecode.swift; path = CameraViewController.swift; sourceTree = "<group>"; };
		8C1A0D7E1E88F711001DE075 /* CameraButton.swift */ = {isa = PBXFileReference; fileEncoding = 4; lastKnownFileType = sourcecode.swift; path = CameraButton.swift; sourceTree = "<group>"; };
		8C1C71F31ECD7A4B00D2E4F8 /* FoodieFileManager.swift */ = {isa = PBXFileReference; fileEncoding = 4; lastKnownFileType = sourcecode.swift; path = FoodieFileManager.swift; sourceTree = "<group>"; };
		8C1C71F51ED1602F00D2E4F8 /* FoodieGlobal.swift */ = {isa = PBXFileReference; fileEncoding = 4; lastKnownFileType = sourcecode.swift; path = FoodieGlobal.swift; sourceTree = "<group>"; };
		8C1D4E211EDCEC9A00939B2C /* FeedCollectionViewController.swift */ = {isa = PBXFileReference; fileEncoding = 4; lastKnownFileType = sourcecode.swift; path = FeedCollectionViewController.swift; sourceTree = "<group>"; };
		8C1D4E231EDCECCD00939B2C /* FeedCollectionViewCell.swift */ = {isa = PBXFileReference; fileEncoding = 4; lastKnownFileType = sourcecode.swift; path = FeedCollectionViewCell.swift; sourceTree = "<group>"; };
		8C1ED6EA1F5D15A300A8CC94 /* CameraButtonLayer.swift */ = {isa = PBXFileReference; fileEncoding = 4; lastKnownFileType = sourcecode.swift; path = CameraButtonLayer.swift; sourceTree = "<group>"; };
		8C1ED6EB1F5D15A300A8CC94 /* CameraButtonRingLayer.swift */ = {isa = PBXFileReference; fileEncoding = 4; lastKnownFileType = sourcecode.swift; path = CameraButtonRingLayer.swift; sourceTree = "<group>"; };
		8C1ED6ED1F5D15A300A8CC94 /* ThumbnailFrameLayer.swift */ = {isa = PBXFileReference; fileEncoding = 4; lastKnownFileType = sourcecode.swift; path = ThumbnailFrameLayer.swift; sourceTree = "<group>"; };
		8C1ED6F31F5DEC2500A8CC94 /* AsyncOperation.swift */ = {isa = PBXFileReference; fileEncoding = 4; lastKnownFileType = sourcecode.swift; path = AsyncOperation.swift; sourceTree = "<group>"; };
		8C1ED6FF1F5E2BF700A8CC94 /* CleanroomLogger.framework */ = {isa = PBXFileReference; lastKnownFileType = wrapper.framework; name = CleanroomLogger.framework; path = Carthage/Build/iOS/CleanroomLogger.framework; sourceTree = "<group>"; };
		8C1FF12A1F7CA5380062312C /* LogInSignUp.storyboard */ = {isa = PBXFileReference; fileEncoding = 4; lastKnownFileType = file.storyboard; path = LogInSignUp.storyboard; sourceTree = "<group>"; };
		8C1FF1301F7CA6C10062312C /* LogInViewController.swift */ = {isa = PBXFileReference; fileEncoding = 4; lastKnownFileType = sourcecode.swift; path = LogInViewController.swift; sourceTree = "<group>"; };
		8C1FF1321F7CA7240062312C /* SignUpViewController.swift */ = {isa = PBXFileReference; fileEncoding = 4; lastKnownFileType = sourcecode.swift; path = SignUpViewController.swift; sourceTree = "<group>"; };
		8C1FF1341F7DA1760062312C /* FoodieRole.swift */ = {isa = PBXFileReference; fileEncoding = 4; lastKnownFileType = sourcecode.swift; path = FoodieRole.swift; sourceTree = "<group>"; };
		8C2F796E1F4C0D9A00851334 /* SwiftRetry.swift */ = {isa = PBXFileReference; fileEncoding = 4; lastKnownFileType = sourcecode.swift; path = SwiftRetry.swift; sourceTree = "<group>"; };
		8C2F79721F4E23F700851334 /* LocationWatch.swift */ = {isa = PBXFileReference; fileEncoding = 4; lastKnownFileType = sourcecode.swift; path = LocationWatch.swift; sourceTree = "<group>"; };
		8C2F79761F4E3E6E00851334 /* ThreadSafeDLL.swift */ = {isa = PBXFileReference; fileEncoding = 4; lastKnownFileType = sourcecode.swift; path = ThreadSafeDLL.swift; sourceTree = "<group>"; };
		8C312ABF1E8262270084DD98 /* MKCoordinateSpan+Extension.swift */ = {isa = PBXFileReference; fileEncoding = 4; lastKnownFileType = sourcecode.swift; path = "MKCoordinateSpan+Extension.swift"; sourceTree = "<group>"; };
		8C3254A41F40240900895572 /* VenueTableViewController.swift */ = {isa = PBXFileReference; fileEncoding = 4; lastKnownFileType = sourcecode.swift; path = VenueTableViewController.swift; sourceTree = "<group>"; };
		8C40B20B1F1466D40030B5B5 /* Jot-Bridging-Header.h */ = {isa = PBXFileReference; lastKnownFileType = sourcecode.c.h; path = "Jot-Bridging-Header.h"; sourceTree = "<group>"; };
		8C45B60F1ECACF1E0067CDC0 /* FoodiePFObject.swift */ = {isa = PBXFileReference; fileEncoding = 4; lastKnownFileType = sourcecode.swift; path = FoodiePFObject.swift; sourceTree = "<group>"; };
		8C4AF66D1F91B1B900AADA5C /* ActivitySpinner.swift */ = {isa = PBXFileReference; lastKnownFileType = sourcecode.swift; name = ActivitySpinner.swift; path = "../../../../../Documents/Dev Space/MyPlayground/AVFoundationPlayground/AVFoundationPlayground/ActivitySpinner.swift"; sourceTree = "<group>"; };
		8C5B48501F579D3800C18089 /* SwiftMutex.swift */ = {isa = PBXFileReference; fileEncoding = 4; lastKnownFileType = sourcecode.swift; path = SwiftMutex.swift; sourceTree = "<group>"; };
		8C5C4DDD1EFEEDEC008C83EC /* FoodiePrefetch.swift */ = {isa = PBXFileReference; fileEncoding = 4; lastKnownFileType = sourcecode.swift; path = FoodiePrefetch.swift; sourceTree = "<group>"; };
		8C61BCDB1E985D1300DDF248 /* CleanCrashLog.swift */ = {isa = PBXFileReference; fileEncoding = 4; lastKnownFileType = sourcecode.swift; path = CleanCrashLog.swift; sourceTree = "<group>"; };
		8C7CE2871F36B92A00DEFCBE /* FoodieQuery.swift */ = {isa = PBXFileReference; fileEncoding = 4; lastKnownFileType = sourcecode.swift; path = FoodieQuery.swift; sourceTree = "<group>"; };
		8C7EC58E1F8E0D2400C8E80B /* MKCoordinateRegion+Extension.swift */ = {isa = PBXFileReference; lastKnownFileType = sourcecode.swift; path = "MKCoordinateRegion+Extension.swift"; sourceTree = "<group>"; };
		8C841B471F623E670002A5A2 /* RATreeView-Bridging-Header.h */ = {isa = PBXFileReference; fileEncoding = 4; lastKnownFileType = sourcecode.c.h; path = "RATreeView-Bridging-Header.h"; sourceTree = "<group>"; };
		8C841B481F6242C00002A5A2 /* CategoryTableViewCell.xib */ = {isa = PBXFileReference; fileEncoding = 4; lastKnownFileType = file.xib; path = CategoryTableViewCell.xib; sourceTree = "<group>"; };
		8C841B4A1F6244700002A5A2 /* CategoryTableViewCell.swift */ = {isa = PBXFileReference; fileEncoding = 4; lastKnownFileType = sourcecode.swift; path = CategoryTableViewCell.swift; sourceTree = "<group>"; };
		8C89866F1E91981C00B62306 /* FoodieMarkup.swift */ = {isa = PBXFileReference; fileEncoding = 4; lastKnownFileType = sourcecode.swift; path = FoodieMarkup.swift; sourceTree = "<group>"; };
		8C8986711E91982E00B62306 /* FoodieStory.swift */ = {isa = PBXFileReference; fileEncoding = 4; lastKnownFileType = sourcecode.swift; path = FoodieStory.swift; sourceTree = "<group>"; };
		8C8986731E91985700B62306 /* FoodieVenue.swift */ = {isa = PBXFileReference; fileEncoding = 4; lastKnownFileType = sourcecode.swift; path = FoodieVenue.swift; sourceTree = "<group>"; };
		8C8986751E91A72D00B62306 /* FoodieCategory.swift */ = {isa = PBXFileReference; fileEncoding = 4; lastKnownFileType = sourcecode.swift; path = FoodieCategory.swift; sourceTree = "<group>"; };
		8C8986791E933E2E00B62306 /* FoodieUser.swift */ = {isa = PBXFileReference; fileEncoding = 4; lastKnownFileType = sourcecode.swift; path = FoodieUser.swift; sourceTree = "<group>"; };
		8C89867D1E958B4300B62306 /* FoodieObject.swift */ = {isa = PBXFileReference; fileEncoding = 4; lastKnownFileType = sourcecode.swift; path = FoodieObject.swift; sourceTree = "<group>"; };
		8C900D301F5FAAC30058BDFE /* PassthruStackView.swift */ = {isa = PBXFileReference; fileEncoding = 4; lastKnownFileType = sourcecode.swift; path = PassthruStackView.swift; sourceTree = "<group>"; };
		8C900D321F60C0E50058BDFE /* CategoryTableViewController.swift */ = {isa = PBXFileReference; fileEncoding = 4; lastKnownFileType = sourcecode.swift; path = CategoryTableViewController.swift; sourceTree = "<group>"; };
		8C9AD05B1E8F6109005F337E /* FoodieMoment.swift */ = {isa = PBXFileReference; fileEncoding = 4; lastKnownFileType = sourcecode.swift; path = FoodieMoment.swift; sourceTree = "<group>"; };
		8C9AD0601E8F615D005F337E /* ExitButton.swift */ = {isa = PBXFileReference; fileEncoding = 4; lastKnownFileType = sourcecode.swift; path = ExitButton.swift; sourceTree = "<group>"; };
		8C9AD0611E8F615D005F337E /* MarkupViewController.swift */ = {isa = PBXFileReference; fileEncoding = 4; lastKnownFileType = sourcecode.swift; path = MarkupViewController.swift; sourceTree = "<group>"; };
		8CA693731E9D8C4500647D6C /* UIAlertAction+Extension.swift */ = {isa = PBXFileReference; fileEncoding = 4; lastKnownFileType = sourcecode.swift; path = "UIAlertAction+Extension.swift"; sourceTree = "<group>"; };
		8CAA445E1F8C102C0053CD4F /* ProfileViewController.swift */ = {isa = PBXFileReference; lastKnownFileType = sourcecode.swift; path = ProfileViewController.swift; sourceTree = "<group>"; };
		8CAA44601F8C12D60053CD4F /* LogOutDismiss.swift */ = {isa = PBXFileReference; lastKnownFileType = sourcecode.swift; path = LogOutDismiss.swift; sourceTree = "<group>"; };
		8CBF55801E7F7EDF00F4B1CD /* TastryApp.app */ = {isa = PBXFileReference; explicitFileType = wrapper.application; includeInIndex = 0; path = TastryApp.app; sourceTree = BUILT_PRODUCTS_DIR; };
		8CBF55831E7F7EDF00F4B1CD /* AppDelegate.swift */ = {isa = PBXFileReference; lastKnownFileType = sourcecode.swift; path = AppDelegate.swift; sourceTree = "<group>"; };
		8CBF55881E7F7EDF00F4B1CD /* Base */ = {isa = PBXFileReference; lastKnownFileType = file.storyboard; name = Base; path = Base.lproj/Main.storyboard; sourceTree = "<group>"; };
		8CBF558A1E7F7EDF00F4B1CD /* Assets.xcassets */ = {isa = PBXFileReference; lastKnownFileType = folder.assetcatalog; path = Assets.xcassets; sourceTree = "<group>"; };
		8CBF558D1E7F7EDF00F4B1CD /* Base */ = {isa = PBXFileReference; lastKnownFileType = file.storyboard; name = Base; path = Base.lproj/LaunchScreen.storyboard; sourceTree = "<group>"; };
		8CBF558F1E7F7EDF00F4B1CD /* Info.plist */ = {isa = PBXFileReference; lastKnownFileType = text.plist.xml; path = Info.plist; sourceTree = "<group>"; };
		8CBF55941E7F7EDF00F4B1CD /* TastryAppTests.xctest */ = {isa = PBXFileReference; explicitFileType = wrapper.cfbundle; includeInIndex = 0; path = TastryAppTests.xctest; sourceTree = BUILT_PRODUCTS_DIR; };
		8CBF55981E7F7EDF00F4B1CD /* EatellyAppTests.swift */ = {isa = PBXFileReference; lastKnownFileType = sourcecode.swift; path = EatellyAppTests.swift; sourceTree = "<group>"; };
		8CBF559A1E7F7EDF00F4B1CD /* Info.plist */ = {isa = PBXFileReference; lastKnownFileType = text.plist.xml; path = Info.plist; sourceTree = "<group>"; };
		8CBF559F1E7F7EDF00F4B1CD /* TastryAppUITests.xctest */ = {isa = PBXFileReference; explicitFileType = wrapper.cfbundle; includeInIndex = 0; path = TastryAppUITests.xctest; sourceTree = BUILT_PRODUCTS_DIR; };
		8CBF55A31E7F7EDF00F4B1CD /* EatellyAppUITests.swift */ = {isa = PBXFileReference; lastKnownFileType = sourcecode.swift; path = EatellyAppUITests.swift; sourceTree = "<group>"; };
		8CBF55A51E7F7EDF00F4B1CD /* Info.plist */ = {isa = PBXFileReference; lastKnownFileType = text.plist.xml; path = Info.plist; sourceTree = "<group>"; };
		8CBF55B11E80C72200F4B1CD /* MapViewController.swift */ = {isa = PBXFileReference; fileEncoding = 4; lastKnownFileType = sourcecode.swift; path = MapViewController.swift; sourceTree = "<group>"; };
		8CC48D5F1EFC81CD003A0FC9 /* PrecisionTime.swift */ = {isa = PBXFileReference; fileEncoding = 4; lastKnownFileType = sourcecode.swift; path = PrecisionTime.swift; sourceTree = "<group>"; };
		8CE0DE1A1F89B12700F258E5 /* TransitionAnimator.swift */ = {isa = PBXFileReference; lastKnownFileType = sourcecode.swift; path = TransitionAnimator.swift; sourceTree = "<group>"; };
		8CE0DE1B1F89B12700F258E5 /* PercentInteractor.swift */ = {isa = PBXFileReference; lastKnownFileType = sourcecode.swift; path = PercentInteractor.swift; sourceTree = "<group>"; };
		8CE0DE1C1F89B12800F258E5 /* TransitableViewController.swift */ = {isa = PBXFileReference; lastKnownFileType = sourcecode.swift; path = TransitableViewController.swift; sourceTree = "<group>"; };
		8CE259AC1F53808C00310749 /* AlertDialog.swift */ = {isa = PBXFileReference; fileEncoding = 4; lastKnownFileType = sourcecode.swift; path = AlertDialog.swift; sourceTree = "<group>"; };
		8CE49EB01F637918007278C1 /* ExpandButton.swift */ = {isa = PBXFileReference; fileEncoding = 4; lastKnownFileType = sourcecode.swift; path = ExpandButton.swift; sourceTree = "<group>"; };
		8CE49EB21F638162007278C1 /* ArrowLayer.swift */ = {isa = PBXFileReference; fileEncoding = 4; lastKnownFileType = sourcecode.swift; path = ArrowLayer.swift; sourceTree = "<group>"; };
		8CE49EB41F64C8E8007278C1 /* PickerSquareLayer.swift */ = {isa = PBXFileReference; fileEncoding = 4; lastKnownFileType = sourcecode.swift; path = PickerSquareLayer.swift; sourceTree = "<group>"; };
		8CE49EB61F64CA06007278C1 /* ImagePickerButton.swift */ = {isa = PBXFileReference; fileEncoding = 4; lastKnownFileType = sourcecode.swift; path = ImagePickerButton.swift; sourceTree = "<group>"; };
		8CE49EB91F64D36A007278C1 /* StoryMapAnnotation.swift */ = {isa = PBXFileReference; fileEncoding = 4; lastKnownFileType = sourcecode.swift; path = StoryMapAnnotation.swift; sourceTree = "<group>"; };
		8CE6B8861EA9864800D454A9 /* StoryEntryViewController.swift */ = {isa = PBXFileReference; fileEncoding = 4; lastKnownFileType = sourcecode.swift; path = StoryEntryViewController.swift; sourceTree = "<group>"; };
		8CE6B88A1EAC2DB400D454A9 /* MomentCollectionViewCell.swift */ = {isa = PBXFileReference; fileEncoding = 4; lastKnownFileType = sourcecode.swift; path = MomentCollectionViewCell.swift; sourceTree = "<group>"; };
		8CF44DA51F86F422007E905A /* CameraCrossLayer.swift */ = {isa = PBXFileReference; fileEncoding = 4; lastKnownFileType = sourcecode.swift; path = CameraCrossLayer.swift; sourceTree = "<group>"; };
		8CF858651F7ED8A000C46614 /* IntroViewController.swift */ = {isa = PBXFileReference; fileEncoding = 4; lastKnownFileType = sourcecode.swift; path = IntroViewController.swift; sourceTree = "<group>"; };
		8CFC4A1D1E99DED700A8C9CE /* UIAlertController+Extension.swift */ = {isa = PBXFileReference; fileEncoding = 4; lastKnownFileType = sourcecode.swift; path = "UIAlertController+Extension.swift"; sourceTree = "<group>"; };
		9837F6E6016D51C9060037BC /* Pods_TastryApp.framework */ = {isa = PBXFileReference; explicitFileType = wrapper.framework; includeInIndex = 0; path = Pods_TastryApp.framework; sourceTree = BUILT_PRODUCTS_DIR; };
		C0DCCB78E795CC617A076CB5 /* Pods-TastryAppTests.release.xcconfig */ = {isa = PBXFileReference; includeInIndex = 1; lastKnownFileType = text.xcconfig; name = "Pods-TastryAppTests.release.xcconfig"; path = "Pods/Target Support Files/Pods-TastryAppTests/Pods-TastryAppTests.release.xcconfig"; sourceTree = "<group>"; };
		C24F69641EB85B0300A0DB7B /* StoryViewController.swift */ = {isa = PBXFileReference; fileEncoding = 4; lastKnownFileType = sourcecode.swift; path = StoryViewController.swift; sourceTree = "<group>"; };
		C29CD1381F93198800A6D53F /* StorySelector.swift */ = {isa = PBXFileReference; fileEncoding = 4; lastKnownFileType = sourcecode.swift; path = StorySelector.swift; sourceTree = "<group>"; };
		C29CD13C1F988B2000A6D53F /* PHAsset+Extension.swift */ = {isa = PBXFileReference; fileEncoding = 4; lastKnownFileType = sourcecode.swift; path = "PHAsset+Extension.swift"; sourceTree = "<group>"; };
		EB2A90DE815F97B592389FDD /* Pods-TastryAppUITests.debug.xcconfig */ = {isa = PBXFileReference; includeInIndex = 1; lastKnownFileType = text.xcconfig; name = "Pods-TastryAppUITests.debug.xcconfig"; path = "Pods/Target Support Files/Pods-TastryAppUITests/Pods-TastryAppUITests.debug.xcconfig"; sourceTree = "<group>"; };
		F51050D81CF6AB86BC58AB12 /* Pods-TastryApp.debug.xcconfig */ = {isa = PBXFileReference; includeInIndex = 1; lastKnownFileType = text.xcconfig; name = "Pods-TastryApp.debug.xcconfig"; path = "Pods/Target Support Files/Pods-TastryApp/Pods-TastryApp.debug.xcconfig"; sourceTree = "<group>"; };
		F9EF05BC204B0292B02F87C3 /* Pods_TastryAppUITests.framework */ = {isa = PBXFileReference; explicitFileType = wrapper.framework; includeInIndex = 0; path = Pods_TastryAppUITests.framework; sourceTree = BUILT_PRODUCTS_DIR; };
/* End PBXFileReference section */

/* Begin PBXFrameworksBuildPhase section */
		8CBF557D1E7F7EDF00F4B1CD /* Frameworks */ = {
			isa = PBXFrameworksBuildPhase;
			buildActionMask = 2147483647;
			files = (
				8C1ED7001F5E2BF700A8CC94 /* CleanroomLogger.framework in Frameworks */,
				29421A9ED1630C24163C5213 /* Pods_TastryApp.framework in Frameworks */,
			);
			runOnlyForDeploymentPostprocessing = 0;
		};
		8CBF55911E7F7EDF00F4B1CD /* Frameworks */ = {
			isa = PBXFrameworksBuildPhase;
			buildActionMask = 2147483647;
			files = (
				D3272D7D673F648DD9415F7E /* Pods_TastryAppTests.framework in Frameworks */,
			);
			runOnlyForDeploymentPostprocessing = 0;
		};
		8CBF559C1E7F7EDF00F4B1CD /* Frameworks */ = {
			isa = PBXFrameworksBuildPhase;
			buildActionMask = 2147483647;
			files = (
				F351A78B7F036463BBC4B536 /* Pods_TastryAppUITests.framework in Frameworks */,
			);
			runOnlyForDeploymentPostprocessing = 0;
		};
/* End PBXFrameworksBuildPhase section */

/* Begin PBXGroup section */
		7F099451BAA097407AA93744 /* Frameworks */ = {
			isa = PBXGroup;
			children = (
				8C1ED6FF1F5E2BF700A8CC94 /* CleanroomLogger.framework */,
				9837F6E6016D51C9060037BC /* Pods_TastryApp.framework */,
				4B3DBF493BCE72101729EF1C /* Pods_TastryAppTests.framework */,
				F9EF05BC204B0292B02F87C3 /* Pods_TastryAppUITests.framework */,
			);
			name = Frameworks;
			sourceTree = "<group>";
		};
		8C1D4E181ED8DEFA00939B2C /* Shared */ = {
			isa = PBXGroup;
			children = (
				8C61BCDB1E985D1300DDF248 /* CleanCrashLog.swift */,
				8C5B48501F579D3800C18089 /* SwiftMutex.swift */,
				8C1ED6F31F5DEC2500A8CC94 /* AsyncOperation.swift */,
				8C2F79761F4E3E6E00851334 /* ThreadSafeDLL.swift */,
				8C2F796E1F4C0D9A00851334 /* SwiftRetry.swift */,
				8CE259AC1F53808C00310749 /* AlertDialog.swift */,
				8CC48D5F1EFC81CD003A0FC9 /* PrecisionTime.swift */,
				8C2F79721F4E23F700851334 /* LocationWatch.swift */,
			);
			name = Shared;
			sourceTree = "<group>";
		};
		8C40B20A1F1466A10030B5B5 /* Supporting Files */ = {
			isa = PBXGroup;
			children = (
				8CBF558A1E7F7EDF00F4B1CD /* Assets.xcassets */,
				8CBF558F1E7F7EDF00F4B1CD /* Info.plist */,
				8C40B20B1F1466D40030B5B5 /* Jot-Bridging-Header.h */,
				8C841B471F623E670002A5A2 /* RATreeView-Bridging-Header.h */,
				8CBF55831E7F7EDF00F4B1CD /* AppDelegate.swift */,
			);
			name = "Supporting Files";
			sourceTree = "<group>";
		};
		8C7EC5901F8EA7E400C8E80B /* Transitions */ = {
			isa = PBXGroup;
			children = (
				8CE0DE1B1F89B12700F258E5 /* PercentInteractor.swift */,
				8CE0DE1A1F89B12700F258E5 /* TransitionAnimator.swift */,
			);
			name = Transitions;
			sourceTree = "<group>";
		};
		8C9AD05A1E8F60E4005F337E /* Models */ = {
			isa = PBXGroup;
			children = (
				8C1C71F51ED1602F00D2E4F8 /* FoodieGlobal.swift */,
				8C7CE2871F36B92A00DEFCBE /* FoodieQuery.swift */,
				8C5C4DDD1EFEEDEC008C83EC /* FoodiePrefetch.swift */,
				8C89867D1E958B4300B62306 /* FoodieObject.swift */,
				8C45B60F1ECACF1E0067CDC0 /* FoodiePFObject.swift */,
				8C1C71F31ECD7A4B00D2E4F8 /* FoodieFileManager.swift */,
				8C8986711E91982E00B62306 /* FoodieStory.swift */,
				8C9AD05B1E8F6109005F337E /* FoodieMoment.swift */,
				8C89866F1E91981C00B62306 /* FoodieMarkup.swift */,
				8C8986731E91985700B62306 /* FoodieVenue.swift */,
				8C8986751E91A72D00B62306 /* FoodieCategory.swift */,
				8C0590501EC7E6A400027E91 /* FoodieMedia.swift */,
				8C8986791E933E2E00B62306 /* FoodieUser.swift */,
				8C1FF1341F7DA1760062312C /* FoodieRole.swift */,
				8C14E2881F7F188E001CC869 /* FoodiePermission.swift */,
			);
			name = Models;
			sourceTree = "<group>";
		};
		8CBF55771E7F7EDF00F4B1CD = {
			isa = PBXGroup;
			children = (
				C25746C21EC2C6F00098A45C /* Common */,
				8CBF55821E7F7EDF00F4B1CD /* TastryApp */,
				8CBF55971E7F7EDF00F4B1CD /* TastryAppTests */,
				8CBF55A21E7F7EDF00F4B1CD /* TastryAppUITests */,
				8CBF55811E7F7EDF00F4B1CD /* Products */,
				C134799359005D8F88374E25 /* Pods */,
				7F099451BAA097407AA93744 /* Frameworks */,
			);
			sourceTree = "<group>";
		};
		8CBF55811E7F7EDF00F4B1CD /* Products */ = {
			isa = PBXGroup;
			children = (
				8CBF55801E7F7EDF00F4B1CD /* TastryApp.app */,
				8CBF55941E7F7EDF00F4B1CD /* TastryAppTests.xctest */,
				8CBF559F1E7F7EDF00F4B1CD /* TastryAppUITests.xctest */,
			);
			name = Products;
			sourceTree = "<group>";
		};
		8CBF55821E7F7EDF00F4B1CD /* TastryApp */ = {
			isa = PBXGroup;
			children = (
				8C40B20A1F1466A10030B5B5 /* Supporting Files */,
				8C1D4E181ED8DEFA00939B2C /* Shared */,
				8CD328D81E8B2B7900E5254F /* Extensions */,
				8C9AD05A1E8F60E4005F337E /* Models */,
				8CD328D71E8B2B4B00E5254F /* Views */,
				8CD328D91E8B2B8C00E5254F /* Controllers */,
			);
			path = TastryApp;
			sourceTree = "<group>";
		};
		8CBF55971E7F7EDF00F4B1CD /* TastryAppTests */ = {
			isa = PBXGroup;
			children = (
				8CBF55981E7F7EDF00F4B1CD /* EatellyAppTests.swift */,
				8CBF559A1E7F7EDF00F4B1CD /* Info.plist */,
			);
			path = TastryAppTests;
			sourceTree = "<group>";
		};
		8CBF55A21E7F7EDF00F4B1CD /* TastryAppUITests */ = {
			isa = PBXGroup;
			children = (
				8CBF55A31E7F7EDF00F4B1CD /* EatellyAppUITests.swift */,
				8CBF55A51E7F7EDF00F4B1CD /* Info.plist */,
			);
			path = TastryAppUITests;
			sourceTree = "<group>";
		};
		8CD328D71E8B2B4B00E5254F /* Views */ = {
			isa = PBXGroup;
			children = (
				8CD328DA1E8B2BD600E5254F /* Layers */,
				8C1A0D7E1E88F711001DE075 /* CameraButton.swift */,
				8C9AD0601E8F615D005F337E /* ExitButton.swift */,
				8CE49EB61F64CA06007278C1 /* ImagePickerButton.swift */,
				8CE49EB01F637918007278C1 /* ExpandButton.swift */,
				8C1D4E231EDCECCD00939B2C /* FeedCollectionViewCell.swift */,
				8CE6B88A1EAC2DB400D454A9 /* MomentCollectionViewCell.swift */,
				8C1089301EADC11B00457E66 /* MomentHeaderReusableView.swift */,
				8C1089321EADC13700457E66 /* MomentFooterReusableView.swift */,
				8C900D301F5FAAC30058BDFE /* PassthruStackView.swift */,
				8C841B4A1F6244700002A5A2 /* CategoryTableViewCell.swift */,
				8C841B481F6242C00002A5A2 /* CategoryTableViewCell.xib */,
				8CBF558C1E7F7EDF00F4B1CD /* LaunchScreen.storyboard */,
				8CBF55871E7F7EDF00F4B1CD /* Main.storyboard */,
				8C1FF12A1F7CA5380062312C /* LogInSignUp.storyboard */,
			);
			name = Views;
			sourceTree = "<group>";
		};
		8CD328D81E8B2B7900E5254F /* Extensions */ = {
			isa = PBXGroup;
			children = (
				8C10FB4D1F91C43100C26BF6 /* AVExportPlayer.swift */,
				C29CD13C1F988B2000A6D53F /* PHAsset+Extension.swift */,
				8C05904A1EC6671400027E91 /* UIStoryboard+Extension.swift */,
				8C312ABF1E8262270084DD98 /* MKCoordinateSpan+Extension.swift */,
				8CFC4A1D1E99DED700A8C9CE /* UIAlertController+Extension.swift */,
				8CA693731E9D8C4500647D6C /* UIAlertAction+Extension.swift */,
				8C7EC58E1F8E0D2400C8E80B /* MKCoordinateRegion+Extension.swift */,
			);
			name = Extensions;
			sourceTree = "<group>";
		};
		8CD328D91E8B2B8C00E5254F /* Controllers */ = {
			isa = PBXGroup;
			children = (
				8CE49EB81F64D334007278C1 /* Supports */,
				8C0590481EC65B0000027E91 /* RootViewController.swift */,
				8C1FF1301F7CA6C10062312C /* LogInViewController.swift */,
				8C14E28A1F7F42FD001CC869 /* EmailResetViewController.swift */,
				8C1FF1321F7CA7240062312C /* SignUpViewController.swift */,
				8CF858651F7ED8A000C46614 /* IntroViewController.swift */,
				8C0590461EC653DF00027E91 /* DiscoverFeedViewController.swift */,
				8C1D4E211EDCEC9A00939B2C /* FeedCollectionViewController.swift */,
				8CBF55B11E80C72200F4B1CD /* MapViewController.swift */,
				C24F69641EB85B0300A0DB7B /* StoryViewController.swift */,
				8C1A0D7C1E88EA34001DE075 /* CameraViewController.swift */,
				8C9AD0611E8F615D005F337E /* MarkupViewController.swift */,
				8C030E491F88A42400B93EAC /* StoryCompositionViewController.swift */,
				8CE6B8861EA9864800D454A9 /* StoryEntryViewController.swift */,
				8C1089391EB321F100457E66 /* MomentCollectionViewController.swift */,
				8C3254A41F40240900895572 /* VenueTableViewController.swift */,
				8C900D321F60C0E50058BDFE /* CategoryTableViewController.swift */,
				8CAA445E1F8C102C0053CD4F /* ProfileViewController.swift */,
			);
			name = Controllers;
			sourceTree = "<group>";
		};
		8CD328DA1E8B2BD600E5254F /* Layers */ = {
			isa = PBXGroup;
			children = (
				8C1ED6EA1F5D15A300A8CC94 /* CameraButtonLayer.swift */,
				8C1ED6EB1F5D15A300A8CC94 /* CameraButtonRingLayer.swift */,
				8CF44DA51F86F422007E905A /* CameraCrossLayer.swift */,
				8CE49EB41F64C8E8007278C1 /* PickerSquareLayer.swift */,
				8C1ED6ED1F5D15A300A8CC94 /* ThumbnailFrameLayer.swift */,
				8CE49EB21F638162007278C1 /* ArrowLayer.swift */,
				8C7EC5901F8EA7E400C8E80B /* Transitions */,
			);
			name = Layers;
			sourceTree = "<group>";
		};
		8CE49EB81F64D334007278C1 /* Supports */ = {
			isa = PBXGroup;
			children = (
				8C4AF66D1F91B1B900AADA5C /* ActivitySpinner.swift */,
				C29CD1381F93198800A6D53F /* StorySelector.swift */,
				8CAA44601F8C12D60053CD4F /* LogOutDismiss.swift */,
				8CE49EB91F64D36A007278C1 /* StoryMapAnnotation.swift */,
				8CE0DE1C1F89B12800F258E5 /* TransitableViewController.swift */,
			);
			name = Supports;
			sourceTree = "<group>";
		};
		C134799359005D8F88374E25 /* Pods */ = {
			isa = PBXGroup;
			children = (
				F51050D81CF6AB86BC58AB12 /* Pods-TastryApp.debug.xcconfig */,
				0B88724D551A16DEFECF8D13 /* Pods-TastryApp.release.xcconfig */,
				17F360FAB38094392D222249 /* Pods-TastryAppTests.debug.xcconfig */,
				C0DCCB78E795CC617A076CB5 /* Pods-TastryAppTests.release.xcconfig */,
				EB2A90DE815F97B592389FDD /* Pods-TastryAppUITests.debug.xcconfig */,
				01C50CABFBBAE3B407A92205 /* Pods-TastryAppUITests.release.xcconfig */,
			);
			name = Pods;
			sourceTree = "<group>";
		};
		C25746C21EC2C6F00098A45C /* Common */ = {
			isa = PBXGroup;
			children = (
			);
			name = Common;
			sourceTree = "<group>";
		};
/* End PBXGroup section */

/* Begin PBXNativeTarget section */
		8CBF557F1E7F7EDF00F4B1CD /* TastryApp */ = {
			isa = PBXNativeTarget;
			buildConfigurationList = 8CBF55A81E7F7EDF00F4B1CD /* Build configuration list for PBXNativeTarget "TastryApp" */;
			buildPhases = (
				A13D13DF09CF65C2A4E0E03E /* [CP] Check Pods Manifest.lock */,
				8CBF557C1E7F7EDF00F4B1CD /* Sources */,
				8CBF557D1E7F7EDF00F4B1CD /* Frameworks */,
				8CBF557E1E7F7EDF00F4B1CD /* Resources */,
				84D757715DAF1055157B0816 /* [CP] Embed Pods Frameworks */,
				3AA03047B325747368B028FE /* [CP] Copy Pods Resources */,
				8C3C3FDC1F5954C60000092E /* Dsym Upload for Crash Reporting */,
				8C1ED6F51F5E261A00A8CC94 /* Carthage Workaround */,
				8C1ED6F61F5E28C500A8CC94 /* Remove Unsupported Architectures */,
			);
			buildRules = (
			);
			dependencies = (
			);
			name = TastryApp;
			productName = SomeFoodieApp;
			productReference = 8CBF55801E7F7EDF00F4B1CD /* TastryApp.app */;
			productType = "com.apple.product-type.application";
		};
		8CBF55931E7F7EDF00F4B1CD /* TastryAppTests */ = {
			isa = PBXNativeTarget;
			buildConfigurationList = 8CBF55AB1E7F7EDF00F4B1CD /* Build configuration list for PBXNativeTarget "TastryAppTests" */;
			buildPhases = (
				0EB7880C66F943A33FBA80D5 /* [CP] Check Pods Manifest.lock */,
				8CBF55901E7F7EDF00F4B1CD /* Sources */,
				8CBF55911E7F7EDF00F4B1CD /* Frameworks */,
				8CBF55921E7F7EDF00F4B1CD /* Resources */,
				6982CB25E2D181CF63F2E2D6 /* [CP] Embed Pods Frameworks */,
				18C28C1990D7DC27B68EE924 /* [CP] Copy Pods Resources */,
			);
			buildRules = (
			);
			dependencies = (
				8CBF55961E7F7EDF00F4B1CD /* PBXTargetDependency */,
			);
			name = TastryAppTests;
			productName = SomeFoodieAppTests;
			productReference = 8CBF55941E7F7EDF00F4B1CD /* TastryAppTests.xctest */;
			productType = "com.apple.product-type.bundle.unit-test";
		};
		8CBF559E1E7F7EDF00F4B1CD /* TastryAppUITests */ = {
			isa = PBXNativeTarget;
			buildConfigurationList = 8CBF55AE1E7F7EDF00F4B1CD /* Build configuration list for PBXNativeTarget "TastryAppUITests" */;
			buildPhases = (
				9B59B4E567CC2C072212E34D /* [CP] Check Pods Manifest.lock */,
				8CBF559B1E7F7EDF00F4B1CD /* Sources */,
				8CBF559C1E7F7EDF00F4B1CD /* Frameworks */,
				8CBF559D1E7F7EDF00F4B1CD /* Resources */,
				2C206247F0B044FD40E9E1D7 /* [CP] Embed Pods Frameworks */,
				B4584105B668BC0F6BAD8749 /* [CP] Copy Pods Resources */,
			);
			buildRules = (
			);
			dependencies = (
				8CBF55A11E7F7EDF00F4B1CD /* PBXTargetDependency */,
			);
			name = TastryAppUITests;
			productName = SomeFoodieAppUITests;
			productReference = 8CBF559F1E7F7EDF00F4B1CD /* TastryAppUITests.xctest */;
			productType = "com.apple.product-type.bundle.ui-testing";
		};
/* End PBXNativeTarget section */

/* Begin PBXProject section */
		8CBF55781E7F7EDF00F4B1CD /* Project object */ = {
			isa = PBXProject;
			attributes = {
				LastSwiftUpdateCheck = 0820;
				LastUpgradeCheck = 0820;
				ORGANIZATIONNAME = Tastry;
				TargetAttributes = {
					8CBF557F1E7F7EDF00F4B1CD = {
						CreatedOnToolsVersion = 8.2.1;
						LastSwiftMigration = 0900;
						ProvisioningStyle = Automatic;
					};
					8CBF55931E7F7EDF00F4B1CD = {
						CreatedOnToolsVersion = 8.2.1;
						DevelopmentTeam = 9D6RF3S2T5;
						LastSwiftMigration = 0900;
						ProvisioningStyle = Automatic;
						TestTargetID = 8CBF557F1E7F7EDF00F4B1CD;
					};
					8CBF559E1E7F7EDF00F4B1CD = {
						CreatedOnToolsVersion = 8.2.1;
						DevelopmentTeam = 9D6RF3S2T5;
						LastSwiftMigration = 0900;
						ProvisioningStyle = Automatic;
						TestTargetID = 8CBF557F1E7F7EDF00F4B1CD;
					};
				};
			};
			buildConfigurationList = 8CBF557B1E7F7EDF00F4B1CD /* Build configuration list for PBXProject "TastryApp" */;
			compatibilityVersion = "Xcode 8.0";
			developmentRegion = English;
			hasScannedForEncodings = 0;
			knownRegions = (
				en,
				Base,
			);
			mainGroup = 8CBF55771E7F7EDF00F4B1CD;
			productRefGroup = 8CBF55811E7F7EDF00F4B1CD /* Products */;
			projectDirPath = "";
			projectRoot = "";
			targets = (
				8CBF557F1E7F7EDF00F4B1CD /* TastryApp */,
				8CBF55931E7F7EDF00F4B1CD /* TastryAppTests */,
				8CBF559E1E7F7EDF00F4B1CD /* TastryAppUITests */,
			);
		};
/* End PBXProject section */

/* Begin PBXResourcesBuildPhase section */
		8CBF557E1E7F7EDF00F4B1CD /* Resources */ = {
			isa = PBXResourcesBuildPhase;
			buildActionMask = 2147483647;
			files = (
				8C1FF12B1F7CA5380062312C /* LogInSignUp.storyboard in Resources */,
				8CBF558E1E7F7EDF00F4B1CD /* LaunchScreen.storyboard in Resources */,
				8C841B491F6242C00002A5A2 /* CategoryTableViewCell.xib in Resources */,
				8CBF558B1E7F7EDF00F4B1CD /* Assets.xcassets in Resources */,
				8CBF55891E7F7EDF00F4B1CD /* Main.storyboard in Resources */,
			);
			runOnlyForDeploymentPostprocessing = 0;
		};
		8CBF55921E7F7EDF00F4B1CD /* Resources */ = {
			isa = PBXResourcesBuildPhase;
			buildActionMask = 2147483647;
			files = (
			);
			runOnlyForDeploymentPostprocessing = 0;
		};
		8CBF559D1E7F7EDF00F4B1CD /* Resources */ = {
			isa = PBXResourcesBuildPhase;
			buildActionMask = 2147483647;
			files = (
			);
			runOnlyForDeploymentPostprocessing = 0;
		};
/* End PBXResourcesBuildPhase section */

/* Begin PBXShellScriptBuildPhase section */
		0EB7880C66F943A33FBA80D5 /* [CP] Check Pods Manifest.lock */ = {
			isa = PBXShellScriptBuildPhase;
			buildActionMask = 2147483647;
			files = (
			);
			inputPaths = (
				"${PODS_PODFILE_DIR_PATH}/Podfile.lock",
				"${PODS_ROOT}/Manifest.lock",
			);
			name = "[CP] Check Pods Manifest.lock";
			outputPaths = (
				"$(DERIVED_FILE_DIR)/Pods-TastryAppTests-checkManifestLockResult.txt",
			);
			runOnlyForDeploymentPostprocessing = 0;
			shellPath = /bin/sh;
			shellScript = "diff \"${PODS_PODFILE_DIR_PATH}/Podfile.lock\" \"${PODS_ROOT}/Manifest.lock\" > /dev/null\nif [ $? != 0 ] ; then\n    # print error to STDERR\n    echo \"error: The sandbox is not in sync with the Podfile.lock. Run 'pod install' or update your CocoaPods installation.\" >&2\n    exit 1\nfi\n# This output is used by Xcode 'outputs' to avoid re-running this script phase.\necho \"SUCCESS\" > \"${SCRIPT_OUTPUT_FILE_0}\"\n";
			showEnvVarsInLog = 0;
		};
		18C28C1990D7DC27B68EE924 /* [CP] Copy Pods Resources */ = {
			isa = PBXShellScriptBuildPhase;
			buildActionMask = 2147483647;
			files = (
			);
			inputPaths = (
			);
			name = "[CP] Copy Pods Resources";
			outputPaths = (
			);
			runOnlyForDeploymentPostprocessing = 0;
			shellPath = /bin/sh;
			shellScript = "\"${SRCROOT}/Pods/Target Support Files/Pods-TastryAppTests/Pods-TastryAppTests-resources.sh\"\n";
			showEnvVarsInLog = 0;
		};
		2C206247F0B044FD40E9E1D7 /* [CP] Embed Pods Frameworks */ = {
			isa = PBXShellScriptBuildPhase;
			buildActionMask = 2147483647;
			files = (
			);
			inputPaths = (
			);
			name = "[CP] Embed Pods Frameworks";
			outputPaths = (
			);
			runOnlyForDeploymentPostprocessing = 0;
			shellPath = /bin/sh;
			shellScript = "\"${SRCROOT}/Pods/Target Support Files/Pods-TastryAppUITests/Pods-TastryAppUITests-frameworks.sh\"\n";
			showEnvVarsInLog = 0;
		};
		3AA03047B325747368B028FE /* [CP] Copy Pods Resources */ = {
			isa = PBXShellScriptBuildPhase;
			buildActionMask = 2147483647;
			files = (
			);
			inputPaths = (
			);
			name = "[CP] Copy Pods Resources";
			outputPaths = (
			);
			runOnlyForDeploymentPostprocessing = 0;
			shellPath = /bin/sh;
			shellScript = "\"${SRCROOT}/Pods/Target Support Files/Pods-TastryApp/Pods-TastryApp-resources.sh\"\n";
			showEnvVarsInLog = 0;
		};
		6982CB25E2D181CF63F2E2D6 /* [CP] Embed Pods Frameworks */ = {
			isa = PBXShellScriptBuildPhase;
			buildActionMask = 2147483647;
			files = (
			);
			inputPaths = (
			);
			name = "[CP] Embed Pods Frameworks";
			outputPaths = (
			);
			runOnlyForDeploymentPostprocessing = 0;
			shellPath = /bin/sh;
			shellScript = "\"${SRCROOT}/Pods/Target Support Files/Pods-TastryAppTests/Pods-TastryAppTests-frameworks.sh\"\n";
			showEnvVarsInLog = 0;
		};
		84D757715DAF1055157B0816 /* [CP] Embed Pods Frameworks */ = {
			isa = PBXShellScriptBuildPhase;
			buildActionMask = 2147483647;
			files = (
			);
			inputPaths = (
				"${SRCROOT}/Pods/Target Support Files/Pods-TastryApp/Pods-TastryApp-frameworks.sh",
				"${BUILT_PRODUCTS_DIR}/AWSCognito/AWSCognito.framework",
				"${BUILT_PRODUCTS_DIR}/AWSCore/AWSCore.framework",
				"${BUILT_PRODUCTS_DIR}/AWSS3/AWSS3.framework",
				"${BUILT_PRODUCTS_DIR}/Bolts/Bolts.framework",
				"${BUILT_PRODUCTS_DIR}/HTTPStatusCodes/HTTPStatusCodes.framework",
				"${BUILT_PRODUCTS_DIR}/Jot/Jot.framework",
				"${BUILT_PRODUCTS_DIR}/Masonry/Masonry.framework",
				"${BUILT_PRODUCTS_DIR}/Parse/Parse.framework",
				"${BUILT_PRODUCTS_DIR}/QuadratTouch/QuadratTouch.framework",
				"${BUILT_PRODUCTS_DIR}/RATreeView/RATreeView.framework",
				"${BUILT_PRODUCTS_DIR}/SwiftyCam/SwiftyCam.framework",
				"${BUILT_PRODUCTS_DIR}/TLPhotoPicker/TLPhotoPicker.framework",
			);
			name = "[CP] Embed Pods Frameworks";
			outputPaths = (
				"${TARGET_BUILD_DIR}/${FRAMEWORKS_FOLDER_PATH}/AWSCognito.framework",
				"${TARGET_BUILD_DIR}/${FRAMEWORKS_FOLDER_PATH}/AWSCore.framework",
				"${TARGET_BUILD_DIR}/${FRAMEWORKS_FOLDER_PATH}/AWSS3.framework",
				"${TARGET_BUILD_DIR}/${FRAMEWORKS_FOLDER_PATH}/Bolts.framework",
				"${TARGET_BUILD_DIR}/${FRAMEWORKS_FOLDER_PATH}/HTTPStatusCodes.framework",
				"${TARGET_BUILD_DIR}/${FRAMEWORKS_FOLDER_PATH}/Jot.framework",
				"${TARGET_BUILD_DIR}/${FRAMEWORKS_FOLDER_PATH}/Masonry.framework",
				"${TARGET_BUILD_DIR}/${FRAMEWORKS_FOLDER_PATH}/Parse.framework",
				"${TARGET_BUILD_DIR}/${FRAMEWORKS_FOLDER_PATH}/QuadratTouch.framework",
				"${TARGET_BUILD_DIR}/${FRAMEWORKS_FOLDER_PATH}/RATreeView.framework",
				"${TARGET_BUILD_DIR}/${FRAMEWORKS_FOLDER_PATH}/SwiftyCam.framework",
				"${TARGET_BUILD_DIR}/${FRAMEWORKS_FOLDER_PATH}/TLPhotoPicker.framework",
			);
			runOnlyForDeploymentPostprocessing = 0;
			shellPath = /bin/sh;
			shellScript = "\"${SRCROOT}/Pods/Target Support Files/Pods-TastryApp/Pods-TastryApp-frameworks.sh\"\n";
			showEnvVarsInLog = 0;
		};
		8C1ED6F51F5E261A00A8CC94 /* Carthage Workaround */ = {
			isa = PBXShellScriptBuildPhase;
			buildActionMask = 2147483647;
			files = (
			);
			inputPaths = (
				"$(SRCROOT)/Carthage/Build/iOS/CleanroomLogger.framework",
			);
			name = "Carthage Workaround";
			outputPaths = (
				"$(BUILT_PRODUCTS_DIR)/$(FRAMEWORKS_FOLDER_PATH)/CleanroomLogger.framework",
			);
			runOnlyForDeploymentPostprocessing = 0;
			shellPath = /bin/sh;
			shellScript = "/usr/local/bin/carthage copy-frameworks";
		};
		8C1ED6F61F5E28C500A8CC94 /* Remove Unsupported Architectures */ = {
			isa = PBXShellScriptBuildPhase;
			buildActionMask = 2147483647;
			files = (
			);
			inputPaths = (
			);
			name = "Remove Unsupported Architectures";
			outputPaths = (
			);
			runOnlyForDeploymentPostprocessing = 0;
			shellPath = /bin/sh;
			shellScript = "\"${SRCROOT}/Scripts/RemoveUnsupportedArch.sh\"";
		};
		8C3C3FDC1F5954C60000092E /* Dsym Upload for Crash Reporting */ = {
			isa = PBXShellScriptBuildPhase;
			buildActionMask = 2147483647;
			files = (
			);
			inputPaths = (
			);
			name = "Dsym Upload for Crash Reporting";
			outputPaths = (
			);
			runOnlyForDeploymentPostprocessing = 0;
			shellPath = /bin/sh;
			shellScript = "\"${PODS_ROOT}/Fabric/run\" 055c3ec35715dea7b57f1d79bccee192efe84179 3c4f495687bee33f5faaa246c9f140fc9cb8561455bf02d75a05e5a30316793f";
		};
		9B59B4E567CC2C072212E34D /* [CP] Check Pods Manifest.lock */ = {
			isa = PBXShellScriptBuildPhase;
			buildActionMask = 2147483647;
			files = (
			);
			inputPaths = (
				"${PODS_PODFILE_DIR_PATH}/Podfile.lock",
				"${PODS_ROOT}/Manifest.lock",
			);
			name = "[CP] Check Pods Manifest.lock";
			outputPaths = (
				"$(DERIVED_FILE_DIR)/Pods-TastryAppUITests-checkManifestLockResult.txt",
			);
			runOnlyForDeploymentPostprocessing = 0;
			shellPath = /bin/sh;
			shellScript = "diff \"${PODS_PODFILE_DIR_PATH}/Podfile.lock\" \"${PODS_ROOT}/Manifest.lock\" > /dev/null\nif [ $? != 0 ] ; then\n    # print error to STDERR\n    echo \"error: The sandbox is not in sync with the Podfile.lock. Run 'pod install' or update your CocoaPods installation.\" >&2\n    exit 1\nfi\n# This output is used by Xcode 'outputs' to avoid re-running this script phase.\necho \"SUCCESS\" > \"${SCRIPT_OUTPUT_FILE_0}\"\n";
			showEnvVarsInLog = 0;
		};
		A13D13DF09CF65C2A4E0E03E /* [CP] Check Pods Manifest.lock */ = {
			isa = PBXShellScriptBuildPhase;
			buildActionMask = 2147483647;
			files = (
			);
			inputPaths = (
				"${PODS_PODFILE_DIR_PATH}/Podfile.lock",
				"${PODS_ROOT}/Manifest.lock",
			);
			name = "[CP] Check Pods Manifest.lock";
			outputPaths = (
				"$(DERIVED_FILE_DIR)/Pods-TastryApp-checkManifestLockResult.txt",
			);
			runOnlyForDeploymentPostprocessing = 0;
			shellPath = /bin/sh;
			shellScript = "diff \"${PODS_PODFILE_DIR_PATH}/Podfile.lock\" \"${PODS_ROOT}/Manifest.lock\" > /dev/null\nif [ $? != 0 ] ; then\n    # print error to STDERR\n    echo \"error: The sandbox is not in sync with the Podfile.lock. Run 'pod install' or update your CocoaPods installation.\" >&2\n    exit 1\nfi\n# This output is used by Xcode 'outputs' to avoid re-running this script phase.\necho \"SUCCESS\" > \"${SCRIPT_OUTPUT_FILE_0}\"\n";
			showEnvVarsInLog = 0;
		};
		B4584105B668BC0F6BAD8749 /* [CP] Copy Pods Resources */ = {
			isa = PBXShellScriptBuildPhase;
			buildActionMask = 2147483647;
			files = (
			);
			inputPaths = (
			);
			name = "[CP] Copy Pods Resources";
			outputPaths = (
			);
			runOnlyForDeploymentPostprocessing = 0;
			shellPath = /bin/sh;
			shellScript = "\"${SRCROOT}/Pods/Target Support Files/Pods-TastryAppUITests/Pods-TastryAppUITests-resources.sh\"\n";
			showEnvVarsInLog = 0;
		};
/* End PBXShellScriptBuildPhase section */

/* Begin PBXSourcesBuildPhase section */
		8CBF557C1E7F7EDF00F4B1CD /* Sources */ = {
			isa = PBXSourcesBuildPhase;
			buildActionMask = 2147483647;
			files = (
				8C2F79731F4E23F700851334 /* LocationWatch.swift in Sources */,
				8C2F796F1F4C0D9A00851334 /* SwiftRetry.swift in Sources */,
				8CF44DA61F86F422007E905A /* CameraCrossLayer.swift in Sources */,
				8C1089311EADC11B00457E66 /* MomentHeaderReusableView.swift in Sources */,
				8C9AD0661E8F615D005F337E /* MarkupViewController.swift in Sources */,
				8C1ED6F21F5D15A300A8CC94 /* ThumbnailFrameLayer.swift in Sources */,
				8C0590491EC65B0000027E91 /* RootViewController.swift in Sources */,
				8C5B48511F579D3800C18089 /* SwiftMutex.swift in Sources */,
				8C8986741E91985700B62306 /* FoodieVenue.swift in Sources */,
				8C89867E1E958B4300B62306 /* FoodieObject.swift in Sources */,
				8C1ED6F01F5D15A300A8CC94 /* CameraButtonRingLayer.swift in Sources */,
				8CE0DE1D1F89B12800F258E5 /* TransitionAnimator.swift in Sources */,
				8C0590471EC653DF00027E91 /* DiscoverFeedViewController.swift in Sources */,
				8CE49EB31F638162007278C1 /* ArrowLayer.swift in Sources */,
				8C1C71F61ED1602F00D2E4F8 /* FoodieGlobal.swift in Sources */,
				8C1ED6F41F5DEC2500A8CC94 /* AsyncOperation.swift in Sources */,
				8CF858661F7ED8A000C46614 /* IntroViewController.swift in Sources */,
				8C841B4B1F6244700002A5A2 /* CategoryTableViewCell.swift in Sources */,
				8C0590511EC7E6A400027E91 /* FoodieMedia.swift in Sources */,
				8C8986721E91982E00B62306 /* FoodieStory.swift in Sources */,
				8C14E2891F7F188E001CC869 /* FoodiePermission.swift in Sources */,
				8C89867A1E933E2E00B62306 /* FoodieUser.swift in Sources */,
				8C8986701E91981C00B62306 /* FoodieMarkup.swift in Sources */,
				C24F69651EB85B0300A0DB7B /* StoryViewController.swift in Sources */,
				8C1ED6EF1F5D15A300A8CC94 /* CameraButtonLayer.swift in Sources */,
				8C1089331EADC13700457E66 /* MomentFooterReusableView.swift in Sources */,
				8C9AD0651E8F615D005F337E /* ExitButton.swift in Sources */,
				8C1C71F41ECD7A4B00D2E4F8 /* FoodieFileManager.swift in Sources */,
				8C1D4E241EDCECCD00939B2C /* FeedCollectionViewCell.swift in Sources */,
				8CBF55B21E80C72300F4B1CD /* MapViewController.swift in Sources */,
				8C1A0D7D1E88EA34001DE075 /* CameraViewController.swift in Sources */,
				8CBF55841E7F7EDF00F4B1CD /* AppDelegate.swift in Sources */,
				8CE0DE1F1F89B12800F258E5 /* TransitableViewController.swift in Sources */,
				8C10FB4E1F91C43200C26BF6 /* AVExportPlayer.swift in Sources */,
				8C8986761E91A72D00B62306 /* FoodieCategory.swift in Sources */,
				8C1FF1351F7DA1760062312C /* FoodieRole.swift in Sources */,
				8C10893A1EB321F100457E66 /* MomentCollectionViewController.swift in Sources */,
				8C900D311F5FAAC30058BDFE /* PassthruStackView.swift in Sources */,
				8C1A0D7F1E88F711001DE075 /* CameraButton.swift in Sources */,
				8CAA44611F8C12D60053CD4F /* LogOutDismiss.swift in Sources */,
				8CE49EB11F637918007278C1 /* ExpandButton.swift in Sources */,
				C29CD1391F93198800A6D53F /* StorySelector.swift in Sources */,
				8CFC4A1E1E99DED700A8C9CE /* UIAlertController+Extension.swift in Sources */,
				8CE259AD1F53808C00310749 /* AlertDialog.swift in Sources */,
				8C1FF1311F7CA6C10062312C /* LogInViewController.swift in Sources */,
				8C2F79771F4E3E6E00851334 /* ThreadSafeDLL.swift in Sources */,
				8CE49EB71F64CA06007278C1 /* ImagePickerButton.swift in Sources */,
				8C4AF66E1F91B1B900AADA5C /* ActivitySpinner.swift in Sources */,
				8CE49EBA1F64D36B007278C1 /* StoryMapAnnotation.swift in Sources */,
				8CE6B8871EA9864800D454A9 /* StoryEntryViewController.swift in Sources */,
				8CE49EB51F64C8E8007278C1 /* PickerSquareLayer.swift in Sources */,
				8C45B6101ECACF1E0067CDC0 /* FoodiePFObject.swift in Sources */,
				8CE6B88B1EAC2DB400D454A9 /* MomentCollectionViewCell.swift in Sources */,
				C29CD13D1F988B2000A6D53F /* PHAsset+Extension.swift in Sources */,
				8C3254A51F40240900895572 /* VenueTableViewController.swift in Sources */,
				8C312AC01E8262270084DD98 /* MKCoordinateSpan+Extension.swift in Sources */,
				8C61BCDC1E985D1300DDF248 /* CleanCrashLog.swift in Sources */,
				8CE0DE1E1F89B12800F258E5 /* PercentInteractor.swift in Sources */,
				8CA693741E9D8C4500647D6C /* UIAlertAction+Extension.swift in Sources */,
				8C030E4A1F88A42400B93EAC /* StoryCompositionViewController.swift in Sources */,
				8CAA445F1F8C102C0053CD4F /* ProfileViewController.swift in Sources */,
				8C1D4E221EDCEC9A00939B2C /* FeedCollectionViewController.swift in Sources */,
				8C7CE2881F36B92A00DEFCBE /* FoodieQuery.swift in Sources */,
				8C9AD05C1E8F6109005F337E /* FoodieMoment.swift in Sources */,
				8CC48D601EFC81CD003A0FC9 /* PrecisionTime.swift in Sources */,
				8C05904B1EC6671400027E91 /* UIStoryboard+Extension.swift in Sources */,
				8C7EC58F1F8E0D2400C8E80B /* MKCoordinateRegion+Extension.swift in Sources */,
				8C1FF1331F7CA7240062312C /* SignUpViewController.swift in Sources */,
				8C5C4DDE1EFEEDEC008C83EC /* FoodiePrefetch.swift in Sources */,
				8C900D331F60C0E50058BDFE /* CategoryTableViewController.swift in Sources */,
				8C14E28B1F7F42FD001CC869 /* EmailResetViewController.swift in Sources */,
			);
			runOnlyForDeploymentPostprocessing = 0;
		};
		8CBF55901E7F7EDF00F4B1CD /* Sources */ = {
			isa = PBXSourcesBuildPhase;
			buildActionMask = 2147483647;
			files = (
				8CBF55991E7F7EDF00F4B1CD /* EatellyAppTests.swift in Sources */,
			);
			runOnlyForDeploymentPostprocessing = 0;
		};
		8CBF559B1E7F7EDF00F4B1CD /* Sources */ = {
			isa = PBXSourcesBuildPhase;
			buildActionMask = 2147483647;
			files = (
				8CBF55A41E7F7EDF00F4B1CD /* EatellyAppUITests.swift in Sources */,
			);
			runOnlyForDeploymentPostprocessing = 0;
		};
/* End PBXSourcesBuildPhase section */

/* Begin PBXTargetDependency section */
		8CBF55961E7F7EDF00F4B1CD /* PBXTargetDependency */ = {
			isa = PBXTargetDependency;
			target = 8CBF557F1E7F7EDF00F4B1CD /* TastryApp */;
			targetProxy = 8CBF55951E7F7EDF00F4B1CD /* PBXContainerItemProxy */;
		};
		8CBF55A11E7F7EDF00F4B1CD /* PBXTargetDependency */ = {
			isa = PBXTargetDependency;
			target = 8CBF557F1E7F7EDF00F4B1CD /* TastryApp */;
			targetProxy = 8CBF55A01E7F7EDF00F4B1CD /* PBXContainerItemProxy */;
		};
/* End PBXTargetDependency section */

/* Begin PBXVariantGroup section */
		8CBF55871E7F7EDF00F4B1CD /* Main.storyboard */ = {
			isa = PBXVariantGroup;
			children = (
				8CBF55881E7F7EDF00F4B1CD /* Base */,
			);
			name = Main.storyboard;
			sourceTree = "<group>";
		};
		8CBF558C1E7F7EDF00F4B1CD /* LaunchScreen.storyboard */ = {
			isa = PBXVariantGroup;
			children = (
				8CBF558D1E7F7EDF00F4B1CD /* Base */,
			);
			name = LaunchScreen.storyboard;
			sourceTree = "<group>";
		};
/* End PBXVariantGroup section */

/* Begin XCBuildConfiguration section */
		8CBF55A61E7F7EDF00F4B1CD /* Debug */ = {
			isa = XCBuildConfiguration;
			buildSettings = {
				ALWAYS_SEARCH_USER_PATHS = NO;
				CLANG_ANALYZER_NONNULL = YES;
				CLANG_CXX_LANGUAGE_STANDARD = "gnu++0x";
				CLANG_CXX_LIBRARY = "libc++";
				CLANG_ENABLE_MODULES = YES;
				CLANG_ENABLE_OBJC_ARC = YES;
				CLANG_WARN_BOOL_CONVERSION = YES;
				CLANG_WARN_CONSTANT_CONVERSION = YES;
				CLANG_WARN_DIRECT_OBJC_ISA_USAGE = YES_ERROR;
				CLANG_WARN_DOCUMENTATION_COMMENTS = YES;
				CLANG_WARN_EMPTY_BODY = YES;
				CLANG_WARN_ENUM_CONVERSION = YES;
				CLANG_WARN_INFINITE_RECURSION = YES;
				CLANG_WARN_INT_CONVERSION = YES;
				CLANG_WARN_OBJC_ROOT_CLASS = YES_ERROR;
				CLANG_WARN_SUSPICIOUS_MOVE = YES;
				CLANG_WARN_UNREACHABLE_CODE = YES;
				CLANG_WARN__DUPLICATE_METHOD_MATCH = YES;
				"CODE_SIGN_IDENTITY[sdk=iphoneos*]" = "iPhone Developer";
				COPY_PHASE_STRIP = NO;
				DEBUG_INFORMATION_FORMAT = "dwarf-with-dsym";
				ENABLE_BITCODE = NO;
				ENABLE_STRICT_OBJC_MSGSEND = YES;
				ENABLE_TESTABILITY = YES;
				GCC_C_LANGUAGE_STANDARD = gnu99;
				GCC_DYNAMIC_NO_PIC = NO;
				GCC_NO_COMMON_BLOCKS = YES;
				GCC_OPTIMIZATION_LEVEL = 0;
				GCC_PREPROCESSOR_DEFINITIONS = (
					"DEBUG=1",
					"$(inherited)",
				);
				GCC_WARN_64_TO_32_BIT_CONVERSION = YES;
				GCC_WARN_ABOUT_RETURN_TYPE = YES_ERROR;
				GCC_WARN_UNDECLARED_SELECTOR = YES;
				GCC_WARN_UNINITIALIZED_AUTOS = YES_AGGRESSIVE;
				GCC_WARN_UNUSED_FUNCTION = YES;
				GCC_WARN_UNUSED_VARIABLE = YES;
				IPHONEOS_DEPLOYMENT_TARGET = 10.0;
				MTL_ENABLE_DEBUG_INFO = YES;
				ONLY_ACTIVE_ARCH = YES;
				SDKROOT = iphoneos;
				SWIFT_ACTIVE_COMPILATION_CONDITIONS = DEBUG;
				SWIFT_OPTIMIZATION_LEVEL = "-Onone";
			};
			name = Debug;
		};
		8CBF55A71E7F7EDF00F4B1CD /* Release */ = {
			isa = XCBuildConfiguration;
			buildSettings = {
				ALWAYS_SEARCH_USER_PATHS = NO;
				CLANG_ANALYZER_NONNULL = YES;
				CLANG_CXX_LANGUAGE_STANDARD = "gnu++0x";
				CLANG_CXX_LIBRARY = "libc++";
				CLANG_ENABLE_MODULES = YES;
				CLANG_ENABLE_OBJC_ARC = YES;
				CLANG_WARN_BOOL_CONVERSION = YES;
				CLANG_WARN_CONSTANT_CONVERSION = YES;
				CLANG_WARN_DIRECT_OBJC_ISA_USAGE = YES_ERROR;
				CLANG_WARN_DOCUMENTATION_COMMENTS = YES;
				CLANG_WARN_EMPTY_BODY = YES;
				CLANG_WARN_ENUM_CONVERSION = YES;
				CLANG_WARN_INFINITE_RECURSION = YES;
				CLANG_WARN_INT_CONVERSION = YES;
				CLANG_WARN_OBJC_ROOT_CLASS = YES_ERROR;
				CLANG_WARN_SUSPICIOUS_MOVE = YES;
				CLANG_WARN_UNREACHABLE_CODE = YES;
				CLANG_WARN__DUPLICATE_METHOD_MATCH = YES;
				"CODE_SIGN_IDENTITY[sdk=iphoneos*]" = "iPhone Developer";
				COPY_PHASE_STRIP = NO;
				DEBUG_INFORMATION_FORMAT = "dwarf-with-dsym";
				ENABLE_BITCODE = YES;
				ENABLE_NS_ASSERTIONS = NO;
				ENABLE_STRICT_OBJC_MSGSEND = YES;
				GCC_C_LANGUAGE_STANDARD = gnu99;
				GCC_NO_COMMON_BLOCKS = YES;
				GCC_WARN_64_TO_32_BIT_CONVERSION = YES;
				GCC_WARN_ABOUT_RETURN_TYPE = YES_ERROR;
				GCC_WARN_UNDECLARED_SELECTOR = YES;
				GCC_WARN_UNINITIALIZED_AUTOS = YES_AGGRESSIVE;
				GCC_WARN_UNUSED_FUNCTION = YES;
				GCC_WARN_UNUSED_VARIABLE = YES;
				IPHONEOS_DEPLOYMENT_TARGET = 10.0;
				MTL_ENABLE_DEBUG_INFO = NO;
				SDKROOT = iphoneos;
				SWIFT_OPTIMIZATION_LEVEL = "-Owholemodule";
				VALIDATE_PRODUCT = YES;
			};
			name = Release;
		};
		8CBF55A91E7F7EDF00F4B1CD /* Debug */ = {
			isa = XCBuildConfiguration;
			baseConfigurationReference = F51050D81CF6AB86BC58AB12 /* Pods-TastryApp.debug.xcconfig */;
			buildSettings = {
				ASSETCATALOG_COMPILER_APPICON_NAME = AppIcon;
				CODE_SIGN_IDENTITY = "iPhone Developer";
				"CODE_SIGN_IDENTITY[sdk=iphoneos*]" = "iPhone Developer";
				DEBUG_INFORMATION_FORMAT = "dwarf-with-dsym";
				DEVELOPMENT_TEAM = 9D6RF3S2T5;
				ENABLE_BITCODE = NO;
				FRAMEWORK_SEARCH_PATHS = (
					"$(inherited)",
					"$(PROJECT_DIR)/Carthage/Build/iOS",
				);
				INFOPLIST_FILE = TastryApp/Info.plist;
				IPHONEOS_DEPLOYMENT_TARGET = 10.0;
				LD_RUNPATH_SEARCH_PATHS = "$(inherited) '@executable_path/Frameworks' '@loader_path/Frameworks' @rpath";
				PRODUCT_BUNDLE_IDENTIFIER = com.tastry.TastryApp.iOS.Dev.Master;
				PRODUCT_NAME = "$(TARGET_NAME)";
				PROVISIONING_PROFILE = "";
				PROVISIONING_PROFILE_SPECIFIER = "";
				SWIFT_SWIFT3_OBJC_INFERENCE = Default;
				SWIFT_VERSION = 4.0;
			};
			name = Debug;
		};
		8CBF55AA1E7F7EDF00F4B1CD /* Release */ = {
			isa = XCBuildConfiguration;
			baseConfigurationReference = 0B88724D551A16DEFECF8D13 /* Pods-TastryApp.release.xcconfig */;
			buildSettings = {
				ASSETCATALOG_COMPILER_APPICON_NAME = AppIcon;
				"CODE_SIGN_IDENTITY[sdk=iphoneos*]" = "iPhone Developer";
				DEVELOPMENT_TEAM = 9D6RF3S2T5;
				ENABLE_BITCODE = YES;
				FRAMEWORK_SEARCH_PATHS = (
					"$(inherited)",
					"$(PROJECT_DIR)/Carthage/Build/iOS",
				);
				INFOPLIST_FILE = TastryApp/Info.plist;
				IPHONEOS_DEPLOYMENT_TARGET = 10.0;
				LD_RUNPATH_SEARCH_PATHS = "$(inherited) '@executable_path/Frameworks' '@loader_path/Frameworks' @rpath";
				PRODUCT_BUNDLE_IDENTIFIER = com.tastry.TastryApp.iOS.Dev.Master;
				PRODUCT_NAME = "$(TARGET_NAME)";
				PROVISIONING_PROFILE = "";
				PROVISIONING_PROFILE_SPECIFIER = "";
				SWIFT_OPTIMIZATION_LEVEL = "-Owholemodule";
				SWIFT_SWIFT3_OBJC_INFERENCE = Default;
				SWIFT_VERSION = 4.0;
			};
			name = Release;
		};
		8CBF55AC1E7F7EDF00F4B1CD /* Debug */ = {
			isa = XCBuildConfiguration;
			baseConfigurationReference = 17F360FAB38094392D222249 /* Pods-TastryAppTests.debug.xcconfig */;
			buildSettings = {
				ALWAYS_EMBED_SWIFT_STANDARD_LIBRARIES = YES;
				BUNDLE_LOADER = "$(TEST_HOST)";
				DEVELOPMENT_TEAM = 9D6RF3S2T5;
				INFOPLIST_FILE = TastryAppTests/Info.plist;
				LD_RUNPATH_SEARCH_PATHS = "$(inherited) @executable_path/Frameworks @loader_path/Frameworks";
				PRODUCT_BUNDLE_IDENTIFIER = com.tastry.TastryAppTest.iOS.Dev.Master;
				PRODUCT_NAME = "$(TARGET_NAME)";
				SWIFT_SWIFT3_OBJC_INFERENCE = Default;
				SWIFT_VERSION = 4.0;
				TEST_HOST = "$(BUILT_PRODUCTS_DIR)/TastryApp.app/TastryApp";
			};
			name = Debug;
		};
		8CBF55AD1E7F7EDF00F4B1CD /* Release */ = {
			isa = XCBuildConfiguration;
			baseConfigurationReference = C0DCCB78E795CC617A076CB5 /* Pods-TastryAppTests.release.xcconfig */;
			buildSettings = {
				ALWAYS_EMBED_SWIFT_STANDARD_LIBRARIES = YES;
				BUNDLE_LOADER = "$(TEST_HOST)";
				DEVELOPMENT_TEAM = 9D6RF3S2T5;
				INFOPLIST_FILE = TastryAppTests/Info.plist;
				LD_RUNPATH_SEARCH_PATHS = "$(inherited) @executable_path/Frameworks @loader_path/Frameworks";
				PRODUCT_BUNDLE_IDENTIFIER = com.tastry.TastryAppTest.iOS.Dev.Master;
				PRODUCT_NAME = "$(TARGET_NAME)";
				SWIFT_SWIFT3_OBJC_INFERENCE = Default;
				SWIFT_VERSION = 4.0;
				TEST_HOST = "$(BUILT_PRODUCTS_DIR)/TastryApp.app/TastryApp";
			};
			name = Release;
		};
		8CBF55AF1E7F7EDF00F4B1CD /* Debug */ = {
			isa = XCBuildConfiguration;
			baseConfigurationReference = EB2A90DE815F97B592389FDD /* Pods-TastryAppUITests.debug.xcconfig */;
			buildSettings = {
				ALWAYS_EMBED_SWIFT_STANDARD_LIBRARIES = YES;
				DEVELOPMENT_TEAM = 9D6RF3S2T5;
				INFOPLIST_FILE = TastryAppUITests/Info.plist;
				LD_RUNPATH_SEARCH_PATHS = "$(inherited) @executable_path/Frameworks @loader_path/Frameworks";
				PRODUCT_BUNDLE_IDENTIFIER = com.tastry.TastryAppUITest.iOS.Dev.Master;
				PRODUCT_NAME = "$(TARGET_NAME)";
				SWIFT_SWIFT3_OBJC_INFERENCE = Default;
				SWIFT_VERSION = 4.0;
				TEST_TARGET_NAME = TastryApp;
			};
			name = Debug;
		};
		8CBF55B01E7F7EDF00F4B1CD /* Release */ = {
			isa = XCBuildConfiguration;
			baseConfigurationReference = 01C50CABFBBAE3B407A92205 /* Pods-TastryAppUITests.release.xcconfig */;
			buildSettings = {
				ALWAYS_EMBED_SWIFT_STANDARD_LIBRARIES = YES;
				DEVELOPMENT_TEAM = 9D6RF3S2T5;
				INFOPLIST_FILE = TastryAppUITests/Info.plist;
				LD_RUNPATH_SEARCH_PATHS = "$(inherited) @executable_path/Frameworks @loader_path/Frameworks";
				PRODUCT_BUNDLE_IDENTIFIER = com.tastry.TastryAppUITest.iOS.Dev.Master;
				PRODUCT_NAME = "$(TARGET_NAME)";
				SWIFT_SWIFT3_OBJC_INFERENCE = Default;
				SWIFT_VERSION = 4.0;
				TEST_TARGET_NAME = TastryApp;
			};
			name = Release;
		};
/* End XCBuildConfiguration section */

/* Begin XCConfigurationList section */
		8CBF557B1E7F7EDF00F4B1CD /* Build configuration list for PBXProject "TastryApp" */ = {
			isa = XCConfigurationList;
			buildConfigurations = (
				8CBF55A61E7F7EDF00F4B1CD /* Debug */,
				8CBF55A71E7F7EDF00F4B1CD /* Release */,
			);
			defaultConfigurationIsVisible = 0;
			defaultConfigurationName = Release;
		};
		8CBF55A81E7F7EDF00F4B1CD /* Build configuration list for PBXNativeTarget "TastryApp" */ = {
			isa = XCConfigurationList;
			buildConfigurations = (
				8CBF55A91E7F7EDF00F4B1CD /* Debug */,
				8CBF55AA1E7F7EDF00F4B1CD /* Release */,
			);
			defaultConfigurationIsVisible = 0;
			defaultConfigurationName = Release;
		};
		8CBF55AB1E7F7EDF00F4B1CD /* Build configuration list for PBXNativeTarget "TastryAppTests" */ = {
			isa = XCConfigurationList;
			buildConfigurations = (
				8CBF55AC1E7F7EDF00F4B1CD /* Debug */,
				8CBF55AD1E7F7EDF00F4B1CD /* Release */,
			);
			defaultConfigurationIsVisible = 0;
			defaultConfigurationName = Release;
		};
		8CBF55AE1E7F7EDF00F4B1CD /* Build configuration list for PBXNativeTarget "TastryAppUITests" */ = {
			isa = XCConfigurationList;
			buildConfigurations = (
				8CBF55AF1E7F7EDF00F4B1CD /* Debug */,
				8CBF55B01E7F7EDF00F4B1CD /* Release */,
			);
			defaultConfigurationIsVisible = 0;
			defaultConfigurationName = Release;
		};
/* End XCConfigurationList section */
	};
	rootObject = 8CBF55781E7F7EDF00F4B1CD /* Project object */;
}
